// !$*UTF8*$!
{
	archiveVersion = 1;
	classes = {
	};
	objectVersion = 56;
	objects = {

/* Begin PBXBuildFile section */
		81D2662A2A43AD4800592246 /* MoviesDemoApp.swift in Sources */ = {isa = PBXBuildFile; fileRef = 81D266292A43AD4800592246 /* MoviesDemoApp.swift */; };
		81D2662C2A43AD4800592246 /* ContentView.swift in Sources */ = {isa = PBXBuildFile; fileRef = 81D2662B2A43AD4800592246 /* ContentView.swift */; };
		81D2662E2A43AD4E00592246 /* Assets.xcassets in Resources */ = {isa = PBXBuildFile; fileRef = 81D2662D2A43AD4E00592246 /* Assets.xcassets */; };
		81D266312A43AD4E00592246 /* Preview Assets.xcassets in Resources */ = {isa = PBXBuildFile; fileRef = 81D266302A43AD4E00592246 /* Preview Assets.xcassets */; };
		81D2663B2A43AD4F00592246 /* MoviesDemoTests.swift in Sources */ = {isa = PBXBuildFile; fileRef = 81D2663A2A43AD4F00592246 /* MoviesDemoTests.swift */; };
		81D266452A43AD4F00592246 /* MoviesDemoUITests.swift in Sources */ = {isa = PBXBuildFile; fileRef = 81D266442A43AD4F00592246 /* MoviesDemoUITests.swift */; };
		81D266472A43AD4F00592246 /* MoviesDemoUITestsLaunchTests.swift in Sources */ = {isa = PBXBuildFile; fileRef = 81D266462A43AD4F00592246 /* MoviesDemoUITestsLaunchTests.swift */; };
		81D266542A43DBEF00592246 /* MovieResponse.swift in Sources */ = {isa = PBXBuildFile; fileRef = 81D266532A43DBEE00592246 /* MovieResponse.swift */; };
		81D266572A44131800592246 /* MovieCell.swift in Sources */ = {isa = PBXBuildFile; fileRef = 81D266562A44131800592246 /* MovieCell.swift */; };
		81D2665A2A44145900592246 /* MovieService.swift in Sources */ = {isa = PBXBuildFile; fileRef = 81D266592A44145900592246 /* MovieService.swift */; };
		81D266602A44375B00592246 /* MoviesViewModel.swift in Sources */ = {isa = PBXBuildFile; fileRef = 81D2665F2A44375B00592246 /* MoviesViewModel.swift */; };
/* End PBXBuildFile section */

/* Begin PBXContainerItemProxy section */
		81D266372A43AD4F00592246 /* PBXContainerItemProxy */ = {
			isa = PBXContainerItemProxy;
			containerPortal = 81D2661E2A43AD4800592246 /* Project object */;
			proxyType = 1;
			remoteGlobalIDString = 81D266252A43AD4800592246;
			remoteInfo = MoviesDemo;
		};
		81D266412A43AD4F00592246 /* PBXContainerItemProxy */ = {
			isa = PBXContainerItemProxy;
			containerPortal = 81D2661E2A43AD4800592246 /* Project object */;
			proxyType = 1;
			remoteGlobalIDString = 81D266252A43AD4800592246;
			remoteInfo = MoviesDemo;
		};
/* End PBXContainerItemProxy section */

/* Begin PBXFileReference section */
		81D266262A43AD4800592246 /* MoviesDemo.app */ = {isa = PBXFileReference; explicitFileType = wrapper.application; includeInIndex = 0; path = MoviesDemo.app; sourceTree = BUILT_PRODUCTS_DIR; };
		81D266292A43AD4800592246 /* MoviesDemoApp.swift */ = {isa = PBXFileReference; lastKnownFileType = sourcecode.swift; path = MoviesDemoApp.swift; sourceTree = "<group>"; };
		81D2662B2A43AD4800592246 /* ContentView.swift */ = {isa = PBXFileReference; lastKnownFileType = sourcecode.swift; path = ContentView.swift; sourceTree = "<group>"; };
		81D2662D2A43AD4E00592246 /* Assets.xcassets */ = {isa = PBXFileReference; lastKnownFileType = folder.assetcatalog; path = Assets.xcassets; sourceTree = "<group>"; };
		81D266302A43AD4E00592246 /* Preview Assets.xcassets */ = {isa = PBXFileReference; lastKnownFileType = folder.assetcatalog; path = "Preview Assets.xcassets"; sourceTree = "<group>"; };
		81D266362A43AD4F00592246 /* MoviesDemoTests.xctest */ = {isa = PBXFileReference; explicitFileType = wrapper.cfbundle; includeInIndex = 0; path = MoviesDemoTests.xctest; sourceTree = BUILT_PRODUCTS_DIR; };
		81D2663A2A43AD4F00592246 /* MoviesDemoTests.swift */ = {isa = PBXFileReference; lastKnownFileType = sourcecode.swift; path = MoviesDemoTests.swift; sourceTree = "<group>"; };
		81D266402A43AD4F00592246 /* MoviesDemoUITests.xctest */ = {isa = PBXFileReference; explicitFileType = wrapper.cfbundle; includeInIndex = 0; path = MoviesDemoUITests.xctest; sourceTree = BUILT_PRODUCTS_DIR; };
		81D266442A43AD4F00592246 /* MoviesDemoUITests.swift */ = {isa = PBXFileReference; lastKnownFileType = sourcecode.swift; path = MoviesDemoUITests.swift; sourceTree = "<group>"; };
		81D266462A43AD4F00592246 /* MoviesDemoUITestsLaunchTests.swift */ = {isa = PBXFileReference; lastKnownFileType = sourcecode.swift; path = MoviesDemoUITestsLaunchTests.swift; sourceTree = "<group>"; };
		81D266532A43DBEE00592246 /* MovieResponse.swift */ = {isa = PBXFileReference; lastKnownFileType = sourcecode.swift; path = MovieResponse.swift; sourceTree = "<group>"; };
		81D266562A44131800592246 /* MovieCell.swift */ = {isa = PBXFileReference; lastKnownFileType = sourcecode.swift; path = MovieCell.swift; sourceTree = "<group>"; };
		81D266592A44145900592246 /* MovieService.swift */ = {isa = PBXFileReference; lastKnownFileType = sourcecode.swift; path = MovieService.swift; sourceTree = "<group>"; };
		81D2665F2A44375B00592246 /* MoviesViewModel.swift */ = {isa = PBXFileReference; lastKnownFileType = sourcecode.swift; path = MoviesViewModel.swift; sourceTree = "<group>"; };
/* End PBXFileReference section */

/* Begin PBXFrameworksBuildPhase section */
		81D266232A43AD4800592246 /* Frameworks */ = {
			isa = PBXFrameworksBuildPhase;
			buildActionMask = 2147483647;
			files = (
			);
			runOnlyForDeploymentPostprocessing = 0;
		};
		81D266332A43AD4F00592246 /* Frameworks */ = {
			isa = PBXFrameworksBuildPhase;
			buildActionMask = 2147483647;
			files = (
			);
			runOnlyForDeploymentPostprocessing = 0;
		};
		81D2663D2A43AD4F00592246 /* Frameworks */ = {
			isa = PBXFrameworksBuildPhase;
			buildActionMask = 2147483647;
			files = (
			);
			runOnlyForDeploymentPostprocessing = 0;
		};
/* End PBXFrameworksBuildPhase section */

/* Begin PBXGroup section */
		81D2661D2A43AD4800592246 = {
			isa = PBXGroup;
			children = (
				81D266282A43AD4800592246 /* MoviesDemo */,
				81D266392A43AD4F00592246 /* MoviesDemoTests */,
				81D266432A43AD4F00592246 /* MoviesDemoUITests */,
				81D266272A43AD4800592246 /* Products */,
			);
			sourceTree = "<group>";
		};
		81D266272A43AD4800592246 /* Products */ = {
			isa = PBXGroup;
			children = (
				81D266262A43AD4800592246 /* MoviesDemo.app */,
				81D266362A43AD4F00592246 /* MoviesDemoTests.xctest */,
				81D266402A43AD4F00592246 /* MoviesDemoUITests.xctest */,
			);
			name = Products;
			sourceTree = "<group>";
		};
		81D266282A43AD4800592246 /* MoviesDemo */ = {
			isa = PBXGroup;
			children = (
				81D2665B2A44151800592246 /* Screens */,
				81D266582A4413F800592246 /* Network */,
				81D266292A43AD4800592246 /* MoviesDemoApp.swift */,
				81D2662D2A43AD4E00592246 /* Assets.xcassets */,
				81D2662F2A43AD4E00592246 /* Preview Content */,
			);
			path = MoviesDemo;
			sourceTree = "<group>";
		};
		81D2662F2A43AD4E00592246 /* Preview Content */ = {
			isa = PBXGroup;
			children = (
				81D266302A43AD4E00592246 /* Preview Assets.xcassets */,
			);
			path = "Preview Content";
			sourceTree = "<group>";
		};
		81D266392A43AD4F00592246 /* MoviesDemoTests */ = {
			isa = PBXGroup;
			children = (
				81D2663A2A43AD4F00592246 /* MoviesDemoTests.swift */,
			);
			path = MoviesDemoTests;
			sourceTree = "<group>";
		};
		81D266432A43AD4F00592246 /* MoviesDemoUITests */ = {
			isa = PBXGroup;
			children = (
				81D266442A43AD4F00592246 /* MoviesDemoUITests.swift */,
				81D266462A43AD4F00592246 /* MoviesDemoUITestsLaunchTests.swift */,
			);
			path = MoviesDemoUITests;
			sourceTree = "<group>";
		};
		81D266552A44127B00592246 /* View */ = {
			isa = PBXGroup;
			children = (
				81D2662B2A43AD4800592246 /* ContentView.swift */,
				81D266562A44131800592246 /* MovieCell.swift */,
			);
			path = View;
			sourceTree = "<group>";
		};
		81D266582A4413F800592246 /* Network */ = {
			isa = PBXGroup;
			children = (
				81D266592A44145900592246 /* MovieService.swift */,
			);
			path = Network;
			sourceTree = "<group>";
		};
		81D2665B2A44151800592246 /* Screens */ = {
			isa = PBXGroup;
			children = (
				81D2665D2A44153F00592246 /* MovieSearch */,
				81D2665C2A44152300592246 /* MovieDetails */,
			);
			path = Screens;
			sourceTree = "<group>";
		};
		81D2665C2A44152300592246 /* MovieDetails */ = {
			isa = PBXGroup;
			children = (
			);
			path = MovieDetails;
			sourceTree = "<group>";
		};
		81D2665D2A44153F00592246 /* MovieSearch */ = {
			isa = PBXGroup;
			children = (
				81D2665E2A4418F200592246 /* Model */,
				81D266552A44127B00592246 /* View */,
				81D2665F2A44375B00592246 /* MoviesViewModel.swift */,
			);
			path = MovieSearch;
			sourceTree = "<group>";
		};
		81D2665E2A4418F200592246 /* Model */ = {
			isa = PBXGroup;
			children = (
				81D266532A43DBEE00592246 /* MovieResponse.swift */,
			);
			path = Model;
			sourceTree = "<group>";
		};
/* End PBXGroup section */

/* Begin PBXNativeTarget section */
		81D266252A43AD4800592246 /* MoviesDemo */ = {
			isa = PBXNativeTarget;
			buildConfigurationList = 81D2664A2A43AD4F00592246 /* Build configuration list for PBXNativeTarget "MoviesDemo" */;
			buildPhases = (
				81D266222A43AD4800592246 /* Sources */,
				81D266232A43AD4800592246 /* Frameworks */,
				81D266242A43AD4800592246 /* Resources */,
			);
			buildRules = (
			);
			dependencies = (
			);
			name = MoviesDemo;
			productName = MoviesDemo;
			productReference = 81D266262A43AD4800592246 /* MoviesDemo.app */;
			productType = "com.apple.product-type.application";
		};
		81D266352A43AD4F00592246 /* MoviesDemoTests */ = {
			isa = PBXNativeTarget;
			buildConfigurationList = 81D2664D2A43AD4F00592246 /* Build configuration list for PBXNativeTarget "MoviesDemoTests" */;
			buildPhases = (
				81D266322A43AD4F00592246 /* Sources */,
				81D266332A43AD4F00592246 /* Frameworks */,
				81D266342A43AD4F00592246 /* Resources */,
			);
			buildRules = (
			);
			dependencies = (
				81D266382A43AD4F00592246 /* PBXTargetDependency */,
			);
			name = MoviesDemoTests;
			productName = MoviesDemoTests;
			productReference = 81D266362A43AD4F00592246 /* MoviesDemoTests.xctest */;
			productType = "com.apple.product-type.bundle.unit-test";
		};
		81D2663F2A43AD4F00592246 /* MoviesDemoUITests */ = {
			isa = PBXNativeTarget;
			buildConfigurationList = 81D266502A43AD4F00592246 /* Build configuration list for PBXNativeTarget "MoviesDemoUITests" */;
			buildPhases = (
				81D2663C2A43AD4F00592246 /* Sources */,
				81D2663D2A43AD4F00592246 /* Frameworks */,
				81D2663E2A43AD4F00592246 /* Resources */,
			);
			buildRules = (
			);
			dependencies = (
				81D266422A43AD4F00592246 /* PBXTargetDependency */,
			);
			name = MoviesDemoUITests;
			productName = MoviesDemoUITests;
			productReference = 81D266402A43AD4F00592246 /* MoviesDemoUITests.xctest */;
			productType = "com.apple.product-type.bundle.ui-testing";
		};
/* End PBXNativeTarget section */

/* Begin PBXProject section */
		81D2661E2A43AD4800592246 /* Project object */ = {
			isa = PBXProject;
			attributes = {
				BuildIndependentTargetsInParallel = 1;
				LastSwiftUpdateCheck = 1420;
				LastUpgradeCheck = 1420;
				TargetAttributes = {
					81D266252A43AD4800592246 = {
						CreatedOnToolsVersion = 14.2;
					};
					81D266352A43AD4F00592246 = {
						CreatedOnToolsVersion = 14.2;
						TestTargetID = 81D266252A43AD4800592246;
					};
					81D2663F2A43AD4F00592246 = {
						CreatedOnToolsVersion = 14.2;
						TestTargetID = 81D266252A43AD4800592246;
					};
				};
			};
			buildConfigurationList = 81D266212A43AD4800592246 /* Build configuration list for PBXProject "MoviesDemo" */;
			compatibilityVersion = "Xcode 14.0";
			developmentRegion = en;
			hasScannedForEncodings = 0;
			knownRegions = (
				en,
				Base,
			);
			mainGroup = 81D2661D2A43AD4800592246;
			productRefGroup = 81D266272A43AD4800592246 /* Products */;
			projectDirPath = "";
			projectRoot = "";
			targets = (
				81D266252A43AD4800592246 /* MoviesDemo */,
				81D266352A43AD4F00592246 /* MoviesDemoTests */,
				81D2663F2A43AD4F00592246 /* MoviesDemoUITests */,
			);
		};
/* End PBXProject section */

/* Begin PBXResourcesBuildPhase section */
		81D266242A43AD4800592246 /* Resources */ = {
			isa = PBXResourcesBuildPhase;
			buildActionMask = 2147483647;
			files = (
				81D266312A43AD4E00592246 /* Preview Assets.xcassets in Resources */,
				81D2662E2A43AD4E00592246 /* Assets.xcassets in Resources */,
			);
			runOnlyForDeploymentPostprocessing = 0;
		};
		81D266342A43AD4F00592246 /* Resources */ = {
			isa = PBXResourcesBuildPhase;
			buildActionMask = 2147483647;
			files = (
			);
			runOnlyForDeploymentPostprocessing = 0;
		};
		81D2663E2A43AD4F00592246 /* Resources */ = {
			isa = PBXResourcesBuildPhase;
			buildActionMask = 2147483647;
			files = (
			);
			runOnlyForDeploymentPostprocessing = 0;
		};
/* End PBXResourcesBuildPhase section */

/* Begin PBXSourcesBuildPhase section */
		81D266222A43AD4800592246 /* Sources */ = {
			isa = PBXSourcesBuildPhase;
			buildActionMask = 2147483647;
			files = (
				81D266542A43DBEF00592246 /* MovieResponse.swift in Sources */,
				81D266602A44375B00592246 /* MoviesViewModel.swift in Sources */,
				81D2662C2A43AD4800592246 /* ContentView.swift in Sources */,
				81D266572A44131800592246 /* MovieCell.swift in Sources */,
				81D2662A2A43AD4800592246 /* MoviesDemoApp.swift in Sources */,
				81D2665A2A44145900592246 /* MovieService.swift in Sources */,
			);
			runOnlyForDeploymentPostprocessing = 0;
		};
		81D266322A43AD4F00592246 /* Sources */ = {
			isa = PBXSourcesBuildPhase;
			buildActionMask = 2147483647;
			files = (
				81D2663B2A43AD4F00592246 /* MoviesDemoTests.swift in Sources */,
			);
			runOnlyForDeploymentPostprocessing = 0;
		};
		81D2663C2A43AD4F00592246 /* Sources */ = {
			isa = PBXSourcesBuildPhase;
			buildActionMask = 2147483647;
			files = (
				81D266472A43AD4F00592246 /* MoviesDemoUITestsLaunchTests.swift in Sources */,
				81D266452A43AD4F00592246 /* MoviesDemoUITests.swift in Sources */,
			);
			runOnlyForDeploymentPostprocessing = 0;
		};
/* End PBXSourcesBuildPhase section */

/* Begin PBXTargetDependency section */
		81D266382A43AD4F00592246 /* PBXTargetDependency */ = {
			isa = PBXTargetDependency;
			target = 81D266252A43AD4800592246 /* MoviesDemo */;
			targetProxy = 81D266372A43AD4F00592246 /* PBXContainerItemProxy */;
		};
		81D266422A43AD4F00592246 /* PBXTargetDependency */ = {
			isa = PBXTargetDependency;
			target = 81D266252A43AD4800592246 /* MoviesDemo */;
			targetProxy = 81D266412A43AD4F00592246 /* PBXContainerItemProxy */;
		};
/* End PBXTargetDependency section */

/* Begin XCBuildConfiguration section */
		81D266482A43AD4F00592246 /* Debug */ = {
			isa = XCBuildConfiguration;
			buildSettings = {
				ALWAYS_SEARCH_USER_PATHS = NO;
				CLANG_ANALYZER_NONNULL = YES;
				CLANG_ANALYZER_NUMBER_OBJECT_CONVERSION = YES_AGGRESSIVE;
				CLANG_CXX_LANGUAGE_STANDARD = "gnu++20";
				CLANG_ENABLE_MODULES = YES;
				CLANG_ENABLE_OBJC_ARC = YES;
				CLANG_ENABLE_OBJC_WEAK = YES;
				CLANG_WARN_BLOCK_CAPTURE_AUTORELEASING = YES;
				CLANG_WARN_BOOL_CONVERSION = YES;
				CLANG_WARN_COMMA = YES;
				CLANG_WARN_CONSTANT_CONVERSION = YES;
				CLANG_WARN_DEPRECATED_OBJC_IMPLEMENTATIONS = YES;
				CLANG_WARN_DIRECT_OBJC_ISA_USAGE = YES_ERROR;
				CLANG_WARN_DOCUMENTATION_COMMENTS = YES;
				CLANG_WARN_EMPTY_BODY = YES;
				CLANG_WARN_ENUM_CONVERSION = YES;
				CLANG_WARN_INFINITE_RECURSION = YES;
				CLANG_WARN_INT_CONVERSION = YES;
				CLANG_WARN_NON_LITERAL_NULL_CONVERSION = YES;
				CLANG_WARN_OBJC_IMPLICIT_RETAIN_SELF = YES;
				CLANG_WARN_OBJC_LITERAL_CONVERSION = YES;
				CLANG_WARN_OBJC_ROOT_CLASS = YES_ERROR;
				CLANG_WARN_QUOTED_INCLUDE_IN_FRAMEWORK_HEADER = YES;
				CLANG_WARN_RANGE_LOOP_ANALYSIS = YES;
				CLANG_WARN_STRICT_PROTOTYPES = YES;
				CLANG_WARN_SUSPICIOUS_MOVE = YES;
				CLANG_WARN_UNGUARDED_AVAILABILITY = YES_AGGRESSIVE;
				CLANG_WARN_UNREACHABLE_CODE = YES;
				CLANG_WARN__DUPLICATE_METHOD_MATCH = YES;
				COPY_PHASE_STRIP = NO;
				DEBUG_INFORMATION_FORMAT = dwarf;
				ENABLE_STRICT_OBJC_MSGSEND = YES;
				ENABLE_TESTABILITY = YES;
				GCC_C_LANGUAGE_STANDARD = gnu11;
				GCC_DYNAMIC_NO_PIC = NO;
				GCC_NO_COMMON_BLOCKS = YES;
				GCC_OPTIMIZATION_LEVEL = 0;
				GCC_PREPROCESSOR_DEFINITIONS = (
					"DEBUG=1",
					"$(inherited)",
				);
				GCC_WARN_64_TO_32_BIT_CONVERSION = YES;
				GCC_WARN_ABOUT_RETURN_TYPE = YES_ERROR;
				GCC_WARN_UNDECLARED_SELECTOR = YES;
				GCC_WARN_UNINITIALIZED_AUTOS = YES_AGGRESSIVE;
				GCC_WARN_UNUSED_FUNCTION = YES;
				GCC_WARN_UNUSED_VARIABLE = YES;
				IPHONEOS_DEPLOYMENT_TARGET = 16.2;
				MTL_ENABLE_DEBUG_INFO = INCLUDE_SOURCE;
				MTL_FAST_MATH = YES;
				ONLY_ACTIVE_ARCH = YES;
				SDKROOT = iphoneos;
				SWIFT_ACTIVE_COMPILATION_CONDITIONS = DEBUG;
				SWIFT_OPTIMIZATION_LEVEL = "-Onone";
			};
			name = Debug;
		};
		81D266492A43AD4F00592246 /* Release */ = {
			isa = XCBuildConfiguration;
			buildSettings = {
				ALWAYS_SEARCH_USER_PATHS = NO;
				CLANG_ANALYZER_NONNULL = YES;
				CLANG_ANALYZER_NUMBER_OBJECT_CONVERSION = YES_AGGRESSIVE;
				CLANG_CXX_LANGUAGE_STANDARD = "gnu++20";
				CLANG_ENABLE_MODULES = YES;
				CLANG_ENABLE_OBJC_ARC = YES;
				CLANG_ENABLE_OBJC_WEAK = YES;
				CLANG_WARN_BLOCK_CAPTURE_AUTORELEASING = YES;
				CLANG_WARN_BOOL_CONVERSION = YES;
				CLANG_WARN_COMMA = YES;
				CLANG_WARN_CONSTANT_CONVERSION = YES;
				CLANG_WARN_DEPRECATED_OBJC_IMPLEMENTATIONS = YES;
				CLANG_WARN_DIRECT_OBJC_ISA_USAGE = YES_ERROR;
				CLANG_WARN_DOCUMENTATION_COMMENTS = YES;
				CLANG_WARN_EMPTY_BODY = YES;
				CLANG_WARN_ENUM_CONVERSION = YES;
				CLANG_WARN_INFINITE_RECURSION = YES;
				CLANG_WARN_INT_CONVERSION = YES;
				CLANG_WARN_NON_LITERAL_NULL_CONVERSION = YES;
				CLANG_WARN_OBJC_IMPLICIT_RETAIN_SELF = YES;
				CLANG_WARN_OBJC_LITERAL_CONVERSION = YES;
				CLANG_WARN_OBJC_ROOT_CLASS = YES_ERROR;
				CLANG_WARN_QUOTED_INCLUDE_IN_FRAMEWORK_HEADER = YES;
				CLANG_WARN_RANGE_LOOP_ANALYSIS = YES;
				CLANG_WARN_STRICT_PROTOTYPES = YES;
				CLANG_WARN_SUSPICIOUS_MOVE = YES;
				CLANG_WARN_UNGUARDED_AVAILABILITY = YES_AGGRESSIVE;
				CLANG_WARN_UNREACHABLE_CODE = YES;
				CLANG_WARN__DUPLICATE_METHOD_MATCH = YES;
				COPY_PHASE_STRIP = NO;
				DEBUG_INFORMATION_FORMAT = "dwarf-with-dsym";
				ENABLE_NS_ASSERTIONS = NO;
				ENABLE_STRICT_OBJC_MSGSEND = YES;
				GCC_C_LANGUAGE_STANDARD = gnu11;
				GCC_NO_COMMON_BLOCKS = YES;
				GCC_WARN_64_TO_32_BIT_CONVERSION = YES;
				GCC_WARN_ABOUT_RETURN_TYPE = YES_ERROR;
				GCC_WARN_UNDECLARED_SELECTOR = YES;
				GCC_WARN_UNINITIALIZED_AUTOS = YES_AGGRESSIVE;
				GCC_WARN_UNUSED_FUNCTION = YES;
				GCC_WARN_UNUSED_VARIABLE = YES;
				IPHONEOS_DEPLOYMENT_TARGET = 16.2;
				MTL_ENABLE_DEBUG_INFO = NO;
				MTL_FAST_MATH = YES;
				SDKROOT = iphoneos;
				SWIFT_COMPILATION_MODE = wholemodule;
				SWIFT_OPTIMIZATION_LEVEL = "-O";
				VALIDATE_PRODUCT = YES;
			};
			name = Release;
		};
		81D2664B2A43AD4F00592246 /* Debug */ = {
			isa = XCBuildConfiguration;
			buildSettings = {
				ASSETCATALOG_COMPILER_APPICON_NAME = AppIcon;
				ASSETCATALOG_COMPILER_GLOBAL_ACCENT_COLOR_NAME = AccentColor;
				CODE_SIGN_STYLE = Automatic;
				CURRENT_PROJECT_VERSION = 1;
				DEVELOPMENT_ASSET_PATHS = "\"MoviesDemo/Preview Content\"";
				ENABLE_PREVIEWS = YES;
				GENERATE_INFOPLIST_FILE = YES;
				INFOPLIST_KEY_UIApplicationSceneManifest_Generation = YES;
				INFOPLIST_KEY_UIApplicationSupportsIndirectInputEvents = YES;
				INFOPLIST_KEY_UILaunchScreen_Generation = YES;
				INFOPLIST_KEY_UISupportedInterfaceOrientations_iPad = "UIInterfaceOrientationPortrait UIInterfaceOrientationPortraitUpsideDown UIInterfaceOrientationLandscapeLeft UIInterfaceOrientationLandscapeRight";
				INFOPLIST_KEY_UISupportedInterfaceOrientations_iPhone = "UIInterfaceOrientationPortrait UIInterfaceOrientationLandscapeLeft UIInterfaceOrientationLandscapeRight";
				LD_RUNPATH_SEARCH_PATHS = (
					"$(inherited)",
					"@executable_path/Frameworks",
				);
				MARKETING_VERSION = 1.0;
				PRODUCT_BUNDLE_IDENTIFIER = None.MoviesDemo;
				PRODUCT_NAME = "$(TARGET_NAME)";
				SWIFT_EMIT_LOC_STRINGS = YES;
				SWIFT_VERSION = 5.0;
				TARGETED_DEVICE_FAMILY = "1,2";
			};
			name = Debug;
		};
		81D2664C2A43AD4F00592246 /* Release */ = {
			isa = XCBuildConfiguration;
			buildSettings = {
				ASSETCATALOG_COMPILER_APPICON_NAME = AppIcon;
				ASSETCATALOG_COMPILER_GLOBAL_ACCENT_COLOR_NAME = AccentColor;
				CODE_SIGN_STYLE = Automatic;
				CURRENT_PROJECT_VERSION = 1;
				DEVELOPMENT_ASSET_PATHS = "\"MoviesDemo/Preview Content\"";
				ENABLE_PREVIEWS = YES;
				GENERATE_INFOPLIST_FILE = YES;
				INFOPLIST_KEY_UIApplicationSceneManifest_Generation = YES;
				INFOPLIST_KEY_UIApplicationSupportsIndirectInputEvents = YES;
				INFOPLIST_KEY_UILaunchScreen_Generation = YES;
				INFOPLIST_KEY_UISupportedInterfaceOrientations_iPad = "UIInterfaceOrientationPortrait UIInterfaceOrientationPortraitUpsideDown UIInterfaceOrientationLandscapeLeft UIInterfaceOrientationLandscapeRight";
				INFOPLIST_KEY_UISupportedInterfaceOrientations_iPhone = "UIInterfaceOrientationPortrait UIInterfaceOrientationLandscapeLeft UIInterfaceOrientationLandscapeRight";
				LD_RUNPATH_SEARCH_PATHS = (
					"$(inherited)",
					"@executable_path/Frameworks",
				);
				MARKETING_VERSION = 1.0;
				PRODUCT_BUNDLE_IDENTIFIER = None.MoviesDemo;
				PRODUCT_NAME = "$(TARGET_NAME)";
				SWIFT_EMIT_LOC_STRINGS = YES;
				SWIFT_VERSION = 5.0;
				TARGETED_DEVICE_FAMILY = "1,2";
			};
			name = Release;
		};
		81D2664E2A43AD4F00592246 /* Debug */ = {
			isa = XCBuildConfiguration;
			buildSettings = {
				ALWAYS_EMBED_SWIFT_STANDARD_LIBRARIES = YES;
				BUNDLE_LOADER = "$(TEST_HOST)";
				CODE_SIGN_STYLE = Automatic;
				CURRENT_PROJECT_VERSION = 1;
				GENERATE_INFOPLIST_FILE = YES;
				IPHONEOS_DEPLOYMENT_TARGET = 16.2;
				MARKETING_VERSION = 1.0;
				PRODUCT_BUNDLE_IDENTIFIER = None.MoviesDemoTests;
				PRODUCT_NAME = "$(TARGET_NAME)";
				SWIFT_EMIT_LOC_STRINGS = NO;
				SWIFT_VERSION = 5.0;
				TARGETED_DEVICE_FAMILY = "1,2";
				TEST_HOST = "$(BUILT_PRODUCTS_DIR)/MoviesDemo.app/$(BUNDLE_EXECUTABLE_FOLDER_PATH)/MoviesDemo";
			};
			name = Debug;
		};
		81D2664F2A43AD4F00592246 /* Release */ = {
			isa = XCBuildConfiguration;
			buildSettings = {
				ALWAYS_EMBED_SWIFT_STANDARD_LIBRARIES = YES;
				BUNDLE_LOADER = "$(TEST_HOST)";
				CODE_SIGN_STYLE = Automatic;
				CURRENT_PROJECT_VERSION = 1;
				GENERATE_INFOPLIST_FILE = YES;
				IPHONEOS_DEPLOYMENT_TARGET = 16.2;
				MARKETING_VERSION = 1.0;
				PRODUCT_BUNDLE_IDENTIFIER = None.MoviesDemoTests;
				PRODUCT_NAME = "$(TARGET_NAME)";
				SWIFT_EMIT_LOC_STRINGS = NO;
				SWIFT_VERSION = 5.0;
				TARGETED_DEVICE_FAMILY = "1,2";
				TEST_HOST = "$(BUILT_PRODUCTS_DIR)/MoviesDemo.app/$(BUNDLE_EXECUTABLE_FOLDER_PATH)/MoviesDemo";
			};
			name = Release;
		};
		81D266512A43AD4F00592246 /* Debug */ = {
			isa = XCBuildConfiguration;
			buildSettings = {
				ALWAYS_EMBED_SWIFT_STANDARD_LIBRARIES = YES;
				CODE_SIGN_STYLE = Automatic;
				CURRENT_PROJECT_VERSION = 1;
				GENERATE_INFOPLIST_FILE = YES;
				MARKETING_VERSION = 1.0;
				PRODUCT_BUNDLE_IDENTIFIER = None.MoviesDemoUITests;
				PRODUCT_NAME = "$(TARGET_NAME)";
				SWIFT_EMIT_LOC_STRINGS = NO;
				SWIFT_VERSION = 5.0;
				TARGETED_DEVICE_FAMILY = "1,2";
				TEST_TARGET_NAME = MoviesDemo;
			};
			name = Debug;
		};
		81D266522A43AD4F00592246 /* Release */ = {
			isa = XCBuildConfiguration;
			buildSettings = {
				ALWAYS_EMBED_SWIFT_STANDARD_LIBRARIES = YES;
				CODE_SIGN_STYLE = Automatic;
				CURRENT_PROJECT_VERSION = 1;
				GENERATE_INFOPLIST_FILE = YES;
				MARKETING_VERSION = 1.0;
				PRODUCT_BUNDLE_IDENTIFIER = None.MoviesDemoUITests;
				PRODUCT_NAME = "$(TARGET_NAME)";
				SWIFT_EMIT_LOC_STRINGS = NO;
				SWIFT_VERSION = 5.0;
				TARGETED_DEVICE_FAMILY = "1,2";
				TEST_TARGET_NAME = MoviesDemo;
			};
			name = Release;
		};
/* End XCBuildConfiguration section */

/* Begin XCConfigurationList section */
		81D266212A43AD4800592246 /* Build configuration list for PBXProject "MoviesDemo" */ = {
			isa = XCConfigurationList;
			buildConfigurations = (
				81D266482A43AD4F00592246 /* Debug */,
				81D266492A43AD4F00592246 /* Release */,
			);
			defaultConfigurationIsVisible = 0;
			defaultConfigurationName = Release;
		};
		81D2664A2A43AD4F00592246 /* Build configuration list for PBXNativeTarget "MoviesDemo" */ = {
			isa = XCConfigurationList;
			buildConfigurations = (
				81D2664B2A43AD4F00592246 /* Debug */,
				81D2664C2A43AD4F00592246 /* Release */,
			);
			defaultConfigurationIsVisible = 0;
			defaultConfigurationName = Release;
		};
		81D2664D2A43AD4F00592246 /* Build configuration list for PBXNativeTarget "MoviesDemoTests" */ = {
			isa = XCConfigurationList;
			buildConfigurations = (
				81D2664E2A43AD4F00592246 /* Debug */,
				81D2664F2A43AD4F00592246 /* Release */,
			);
			defaultConfigurationIsVisible = 0;
			defaultConfigurationName = Release;
		};
		81D266502A43AD4F00592246 /* Build configuration list for PBXNativeTarget "MoviesDemoUITests" */ = {
			isa = XCConfigurationList;
			buildConfigurations = (
				81D266512A43AD4F00592246 /* Debug */,
				81D266522A43AD4F00592246 /* Release */,
			);
			defaultConfigurationIsVisible = 0;
			defaultConfigurationName = Release;
		};
/* End XCConfigurationList section */
	};
	rootObject = 81D2661E2A43AD4800592246 /* Project object */;
}
