// !$*UTF8*$!
{
	archiveVersion = 1;
	classes = {
	};
	objectVersion = 56;
	objects = {

/* Begin PBXBuildFile section */
		81EC82282A38222A00BCE546 /* FibonacciApp.swift in Sources */ = {isa = PBXBuildFile; fileRef = 81EC82272A38222A00BCE546 /* FibonacciApp.swift */; };
		81EC822A2A38222A00BCE546 /* ContentView.swift in Sources */ = {isa = PBXBuildFile; fileRef = 81EC82292A38222A00BCE546 /* ContentView.swift */; };
		81EC822C2A38222D00BCE546 /* Assets.xcassets in Resources */ = {isa = PBXBuildFile; fileRef = 81EC822B2A38222D00BCE546 /* Assets.xcassets */; };
		81EC822F2A38222D00BCE546 /* Preview Assets.xcassets in Resources */ = {isa = PBXBuildFile; fileRef = 81EC822E2A38222D00BCE546 /* Preview Assets.xcassets */; };
		81EC82392A38222D00BCE546 /* FibonacciTests.swift in Sources */ = {isa = PBXBuildFile; fileRef = 81EC82382A38222D00BCE546 /* FibonacciTests.swift */; };
		81EC82432A38222E00BCE546 /* FibonacciUITests.swift in Sources */ = {isa = PBXBuildFile; fileRef = 81EC82422A38222E00BCE546 /* FibonacciUITests.swift */; };
		81EC82452A38222E00BCE546 /* FibonacciUITestsLaunchTests.swift in Sources */ = {isa = PBXBuildFile; fileRef = 81EC82442A38222E00BCE546 /* FibonacciUITestsLaunchTests.swift */; };
/* End PBXBuildFile section */

/* Begin PBXContainerItemProxy section */
		81EC82352A38222D00BCE546 /* PBXContainerItemProxy */ = {
			isa = PBXContainerItemProxy;
			containerPortal = 81EC821C2A38222A00BCE546 /* Project object */;
			proxyType = 1;
			remoteGlobalIDString = 81EC82232A38222A00BCE546;
			remoteInfo = Fibonacci;
		};
		81EC823F2A38222E00BCE546 /* PBXContainerItemProxy */ = {
			isa = PBXContainerItemProxy;
			containerPortal = 81EC821C2A38222A00BCE546 /* Project object */;
			proxyType = 1;
			remoteGlobalIDString = 81EC82232A38222A00BCE546;
			remoteInfo = Fibonacci;
		};
/* End PBXContainerItemProxy section */

/* Begin PBXFileReference section */
		81EC82242A38222A00BCE546 /* Fibonacci.app */ = {isa = PBXFileReference; explicitFileType = wrapper.application; includeInIndex = 0; path = Fibonacci.app; sourceTree = BUILT_PRODUCTS_DIR; };
		81EC82272A38222A00BCE546 /* FibonacciApp.swift */ = {isa = PBXFileReference; lastKnownFileType = sourcecode.swift; path = FibonacciApp.swift; sourceTree = "<group>"; };
		81EC82292A38222A00BCE546 /* ContentView.swift */ = {isa = PBXFileReference; lastKnownFileType = sourcecode.swift; path = ContentView.swift; sourceTree = "<group>"; };
		81EC822B2A38222D00BCE546 /* Assets.xcassets */ = {isa = PBXFileReference; lastKnownFileType = folder.assetcatalog; path = Assets.xcassets; sourceTree = "<group>"; };
		81EC822E2A38222D00BCE546 /* Preview Assets.xcassets */ = {isa = PBXFileReference; lastKnownFileType = folder.assetcatalog; path = "Preview Assets.xcassets"; sourceTree = "<group>"; };
		81EC82342A38222D00BCE546 /* FibonacciTests.xctest */ = {isa = PBXFileReference; explicitFileType = wrapper.cfbundle; includeInIndex = 0; path = FibonacciTests.xctest; sourceTree = BUILT_PRODUCTS_DIR; };
		81EC82382A38222D00BCE546 /* FibonacciTests.swift */ = {isa = PBXFileReference; lastKnownFileType = sourcecode.swift; path = FibonacciTests.swift; sourceTree = "<group>"; };
		81EC823E2A38222E00BCE546 /* FibonacciUITests.xctest */ = {isa = PBXFileReference; explicitFileType = wrapper.cfbundle; includeInIndex = 0; path = FibonacciUITests.xctest; sourceTree = BUILT_PRODUCTS_DIR; };
		81EC82422A38222E00BCE546 /* FibonacciUITests.swift */ = {isa = PBXFileReference; lastKnownFileType = sourcecode.swift; path = FibonacciUITests.swift; sourceTree = "<group>"; };
		81EC82442A38222E00BCE546 /* FibonacciUITestsLaunchTests.swift */ = {isa = PBXFileReference; lastKnownFileType = sourcecode.swift; path = FibonacciUITestsLaunchTests.swift; sourceTree = "<group>"; };
		81EC82512A38224B00BCE546 /* Fibonacci.playground */ = {isa = PBXFileReference; lastKnownFileType = file.playground; path = Fibonacci.playground; sourceTree = "<group>"; xcLanguageSpecificationIdentifier = xcode.lang.swift; };
/* End PBXFileReference section */

/* Begin PBXFrameworksBuildPhase section */
		81EC82212A38222A00BCE546 /* Frameworks */ = {
			isa = PBXFrameworksBuildPhase;
			buildActionMask = 2147483647;
			files = (
			);
			runOnlyForDeploymentPostprocessing = 0;
		};
		81EC82312A38222D00BCE546 /* Frameworks */ = {
			isa = PBXFrameworksBuildPhase;
			buildActionMask = 2147483647;
			files = (
			);
			runOnlyForDeploymentPostprocessing = 0;
		};
		81EC823B2A38222E00BCE546 /* Frameworks */ = {
			isa = PBXFrameworksBuildPhase;
			buildActionMask = 2147483647;
			files = (
			);
			runOnlyForDeploymentPostprocessing = 0;
		};
/* End PBXFrameworksBuildPhase section */

/* Begin PBXGroup section */
		81EC821B2A38222A00BCE546 = {
			isa = PBXGroup;
			children = (
				81EC82262A38222A00BCE546 /* Fibonacci */,
				81EC82372A38222D00BCE546 /* FibonacciTests */,
				81EC82412A38222E00BCE546 /* FibonacciUITests */,
				81EC82252A38222A00BCE546 /* Products */,
			);
			sourceTree = "<group>";
		};
		81EC82252A38222A00BCE546 /* Products */ = {
			isa = PBXGroup;
			children = (
				81EC82242A38222A00BCE546 /* Fibonacci.app */,
				81EC82342A38222D00BCE546 /* FibonacciTests.xctest */,
				81EC823E2A38222E00BCE546 /* FibonacciUITests.xctest */,
			);
			name = Products;
			sourceTree = "<group>";
		};
		81EC82262A38222A00BCE546 /* Fibonacci */ = {
			isa = PBXGroup;
			children = (
				81EC82272A38222A00BCE546 /* FibonacciApp.swift */,
				81EC82292A38222A00BCE546 /* ContentView.swift */,
				81EC822B2A38222D00BCE546 /* Assets.xcassets */,
				81EC822D2A38222D00BCE546 /* Preview Content */,
				81EC82512A38224B00BCE546 /* Fibonacci.playground */,
			);
			path = Fibonacci;
			sourceTree = "<group>";
		};
		81EC822D2A38222D00BCE546 /* Preview Content */ = {
			isa = PBXGroup;
			children = (
				81EC822E2A38222D00BCE546 /* Preview Assets.xcassets */,
			);
			path = "Preview Content";
			sourceTree = "<group>";
		};
		81EC82372A38222D00BCE546 /* FibonacciTests */ = {
			isa = PBXGroup;
			children = (
				81EC82382A38222D00BCE546 /* FibonacciTests.swift */,
			);
			path = FibonacciTests;
			sourceTree = "<group>";
		};
		81EC82412A38222E00BCE546 /* FibonacciUITests */ = {
			isa = PBXGroup;
			children = (
				81EC82422A38222E00BCE546 /* FibonacciUITests.swift */,
				81EC82442A38222E00BCE546 /* FibonacciUITestsLaunchTests.swift */,
			);
			path = FibonacciUITests;
			sourceTree = "<group>";
		};
/* End PBXGroup section */

/* Begin PBXNativeTarget section */
		81EC82232A38222A00BCE546 /* Fibonacci */ = {
			isa = PBXNativeTarget;
			buildConfigurationList = 81EC82482A38222E00BCE546 /* Build configuration list for PBXNativeTarget "Fibonacci" */;
			buildPhases = (
				81EC82202A38222A00BCE546 /* Sources */,
				81EC82212A38222A00BCE546 /* Frameworks */,
				81EC82222A38222A00BCE546 /* Resources */,
			);
			buildRules = (
			);
			dependencies = (
			);
			name = Fibonacci;
			productName = Fibonacci;
			productReference = 81EC82242A38222A00BCE546 /* Fibonacci.app */;
			productType = "com.apple.product-type.application";
		};
		81EC82332A38222D00BCE546 /* FibonacciTests */ = {
			isa = PBXNativeTarget;
			buildConfigurationList = 81EC824B2A38222E00BCE546 /* Build configuration list for PBXNativeTarget "FibonacciTests" */;
			buildPhases = (
				81EC82302A38222D00BCE546 /* Sources */,
				81EC82312A38222D00BCE546 /* Frameworks */,
				81EC82322A38222D00BCE546 /* Resources */,
			);
			buildRules = (
			);
			dependencies = (
				81EC82362A38222D00BCE546 /* PBXTargetDependency */,
			);
			name = FibonacciTests;
			productName = FibonacciTests;
			productReference = 81EC82342A38222D00BCE546 /* FibonacciTests.xctest */;
			productType = "com.apple.product-type.bundle.unit-test";
		};
		81EC823D2A38222E00BCE546 /* FibonacciUITests */ = {
			isa = PBXNativeTarget;
			buildConfigurationList = 81EC824E2A38222E00BCE546 /* Build configuration list for PBXNativeTarget "FibonacciUITests" */;
			buildPhases = (
				81EC823A2A38222E00BCE546 /* Sources */,
				81EC823B2A38222E00BCE546 /* Frameworks */,
				81EC823C2A38222E00BCE546 /* Resources */,
			);
			buildRules = (
			);
			dependencies = (
				81EC82402A38222E00BCE546 /* PBXTargetDependency */,
			);
			name = FibonacciUITests;
			productName = FibonacciUITests;
			productReference = 81EC823E2A38222E00BCE546 /* FibonacciUITests.xctest */;
			productType = "com.apple.product-type.bundle.ui-testing";
		};
/* End PBXNativeTarget section */

/* Begin PBXProject section */
		81EC821C2A38222A00BCE546 /* Project object */ = {
			isa = PBXProject;
			attributes = {
				BuildIndependentTargetsInParallel = 1;
				LastSwiftUpdateCheck = 1420;
				LastUpgradeCheck = 1420;
				TargetAttributes = {
					81EC82232A38222A00BCE546 = {
						CreatedOnToolsVersion = 14.2;
					};
					81EC82332A38222D00BCE546 = {
						CreatedOnToolsVersion = 14.2;
						TestTargetID = 81EC82232A38222A00BCE546;
					};
					81EC823D2A38222E00BCE546 = {
						CreatedOnToolsVersion = 14.2;
						TestTargetID = 81EC82232A38222A00BCE546;
					};
				};
			};
			buildConfigurationList = 81EC821F2A38222A00BCE546 /* Build configuration list for PBXProject "Fibonacci" */;
			compatibilityVersion = "Xcode 14.0";
			developmentRegion = en;
			hasScannedForEncodings = 0;
			knownRegions = (
				en,
				Base,
			);
			mainGroup = 81EC821B2A38222A00BCE546;
			productRefGroup = 81EC82252A38222A00BCE546 /* Products */;
			projectDirPath = "";
			projectRoot = "";
			targets = (
				81EC82232A38222A00BCE546 /* Fibonacci */,
				81EC82332A38222D00BCE546 /* FibonacciTests */,
				81EC823D2A38222E00BCE546 /* FibonacciUITests */,
			);
		};
/* End PBXProject section */

/* Begin PBXResourcesBuildPhase section */
		81EC82222A38222A00BCE546 /* Resources */ = {
			isa = PBXResourcesBuildPhase;
			buildActionMask = 2147483647;
			files = (
				81EC822F2A38222D00BCE546 /* Preview Assets.xcassets in Resources */,
				81EC822C2A38222D00BCE546 /* Assets.xcassets in Resources */,
			);
			runOnlyForDeploymentPostprocessing = 0;
		};
		81EC82322A38222D00BCE546 /* Resources */ = {
			isa = PBXResourcesBuildPhase;
			buildActionMask = 2147483647;
			files = (
			);
			runOnlyForDeploymentPostprocessing = 0;
		};
		81EC823C2A38222E00BCE546 /* Resources */ = {
			isa = PBXResourcesBuildPhase;
			buildActionMask = 2147483647;
			files = (
			);
			runOnlyForDeploymentPostprocessing = 0;
		};
/* End PBXResourcesBuildPhase section */

/* Begin PBXSourcesBuildPhase section */
		81EC82202A38222A00BCE546 /* Sources */ = {
			isa = PBXSourcesBuildPhase;
			buildActionMask = 2147483647;
			files = (
				81EC822A2A38222A00BCE546 /* ContentView.swift in Sources */,
				81EC82282A38222A00BCE546 /* FibonacciApp.swift in Sources */,
			);
			runOnlyForDeploymentPostprocessing = 0;
		};
		81EC82302A38222D00BCE546 /* Sources */ = {
			isa = PBXSourcesBuildPhase;
			buildActionMask = 2147483647;
			files = (
				81EC82392A38222D00BCE546 /* FibonacciTests.swift in Sources */,
			);
			runOnlyForDeploymentPostprocessing = 0;
		};
		81EC823A2A38222E00BCE546 /* Sources */ = {
			isa = PBXSourcesBuildPhase;
			buildActionMask = 2147483647;
			files = (
				81EC82432A38222E00BCE546 /* FibonacciUITests.swift in Sources */,
				81EC82452A38222E00BCE546 /* FibonacciUITestsLaunchTests.swift in Sources */,
			);
			runOnlyForDeploymentPostprocessing = 0;
		};
/* End PBXSourcesBuildPhase section */

/* Begin PBXTargetDependency section */
		81EC82362A38222D00BCE546 /* PBXTargetDependency */ = {
			isa = PBXTargetDependency;
			target = 81EC82232A38222A00BCE546 /* Fibonacci */;
			targetProxy = 81EC82352A38222D00BCE546 /* PBXContainerItemProxy */;
		};
		81EC82402A38222E00BCE546 /* PBXTargetDependency */ = {
			isa = PBXTargetDependency;
			target = 81EC82232A38222A00BCE546 /* Fibonacci */;
			targetProxy = 81EC823F2A38222E00BCE546 /* PBXContainerItemProxy */;
		};
/* End PBXTargetDependency section */

/* Begin XCBuildConfiguration section */
		81EC82462A38222E00BCE546 /* Debug */ = {
			isa = XCBuildConfiguration;
			buildSettings = {
				ALWAYS_SEARCH_USER_PATHS = NO;
				CLANG_ANALYZER_NONNULL = YES;
				CLANG_ANALYZER_NUMBER_OBJECT_CONVERSION = YES_AGGRESSIVE;
				CLANG_CXX_LANGUAGE_STANDARD = "gnu++20";
				CLANG_ENABLE_MODULES = YES;
				CLANG_ENABLE_OBJC_ARC = YES;
				CLANG_ENABLE_OBJC_WEAK = YES;
				CLANG_WARN_BLOCK_CAPTURE_AUTORELEASING = YES;
				CLANG_WARN_BOOL_CONVERSION = YES;
				CLANG_WARN_COMMA = YES;
				CLANG_WARN_CONSTANT_CONVERSION = YES;
				CLANG_WARN_DEPRECATED_OBJC_IMPLEMENTATIONS = YES;
				CLANG_WARN_DIRECT_OBJC_ISA_USAGE = YES_ERROR;
				CLANG_WARN_DOCUMENTATION_COMMENTS = YES;
				CLANG_WARN_EMPTY_BODY = YES;
				CLANG_WARN_ENUM_CONVERSION = YES;
				CLANG_WARN_INFINITE_RECURSION = YES;
				CLANG_WARN_INT_CONVERSION = YES;
				CLANG_WARN_NON_LITERAL_NULL_CONVERSION = YES;
				CLANG_WARN_OBJC_IMPLICIT_RETAIN_SELF = YES;
				CLANG_WARN_OBJC_LITERAL_CONVERSION = YES;
				CLANG_WARN_OBJC_ROOT_CLASS = YES_ERROR;
				CLANG_WARN_QUOTED_INCLUDE_IN_FRAMEWORK_HEADER = YES;
				CLANG_WARN_RANGE_LOOP_ANALYSIS = YES;
				CLANG_WARN_STRICT_PROTOTYPES = YES;
				CLANG_WARN_SUSPICIOUS_MOVE = YES;
				CLANG_WARN_UNGUARDED_AVAILABILITY = YES_AGGRESSIVE;
				CLANG_WARN_UNREACHABLE_CODE = YES;
				CLANG_WARN__DUPLICATE_METHOD_MATCH = YES;
				COPY_PHASE_STRIP = NO;
				DEBUG_INFORMATION_FORMAT = dwarf;
				ENABLE_STRICT_OBJC_MSGSEND = YES;
				ENABLE_TESTABILITY = YES;
				GCC_C_LANGUAGE_STANDARD = gnu11;
				GCC_DYNAMIC_NO_PIC = NO;
				GCC_NO_COMMON_BLOCKS = YES;
				GCC_OPTIMIZATION_LEVEL = 0;
				GCC_PREPROCESSOR_DEFINITIONS = (
					"DEBUG=1",
					"$(inherited)",
				);
				GCC_WARN_64_TO_32_BIT_CONVERSION = YES;
				GCC_WARN_ABOUT_RETURN_TYPE = YES_ERROR;
				GCC_WARN_UNDECLARED_SELECTOR = YES;
				GCC_WARN_UNINITIALIZED_AUTOS = YES_AGGRESSIVE;
				GCC_WARN_UNUSED_FUNCTION = YES;
				GCC_WARN_UNUSED_VARIABLE = YES;
				IPHONEOS_DEPLOYMENT_TARGET = 16.2;
				MTL_ENABLE_DEBUG_INFO = INCLUDE_SOURCE;
				MTL_FAST_MATH = YES;
				ONLY_ACTIVE_ARCH = YES;
				SDKROOT = iphoneos;
				SWIFT_ACTIVE_COMPILATION_CONDITIONS = DEBUG;
				SWIFT_OPTIMIZATION_LEVEL = "-Onone";
			};
			name = Debug;
		};
		81EC82472A38222E00BCE546 /* Release */ = {
			isa = XCBuildConfiguration;
			buildSettings = {
				ALWAYS_SEARCH_USER_PATHS = NO;
				CLANG_ANALYZER_NONNULL = YES;
				CLANG_ANALYZER_NUMBER_OBJECT_CONVERSION = YES_AGGRESSIVE;
				CLANG_CXX_LANGUAGE_STANDARD = "gnu++20";
				CLANG_ENABLE_MODULES = YES;
				CLANG_ENABLE_OBJC_ARC = YES;
				CLANG_ENABLE_OBJC_WEAK = YES;
				CLANG_WARN_BLOCK_CAPTURE_AUTORELEASING = YES;
				CLANG_WARN_BOOL_CONVERSION = YES;
				CLANG_WARN_COMMA = YES;
				CLANG_WARN_CONSTANT_CONVERSION = YES;
				CLANG_WARN_DEPRECATED_OBJC_IMPLEMENTATIONS = YES;
				CLANG_WARN_DIRECT_OBJC_ISA_USAGE = YES_ERROR;
				CLANG_WARN_DOCUMENTATION_COMMENTS = YES;
				CLANG_WARN_EMPTY_BODY = YES;
				CLANG_WARN_ENUM_CONVERSION = YES;
				CLANG_WARN_INFINITE_RECURSION = YES;
				CLANG_WARN_INT_CONVERSION = YES;
				CLANG_WARN_NON_LITERAL_NULL_CONVERSION = YES;
				CLANG_WARN_OBJC_IMPLICIT_RETAIN_SELF = YES;
				CLANG_WARN_OBJC_LITERAL_CONVERSION = YES;
				CLANG_WARN_OBJC_ROOT_CLASS = YES_ERROR;
				CLANG_WARN_QUOTED_INCLUDE_IN_FRAMEWORK_HEADER = YES;
				CLANG_WARN_RANGE_LOOP_ANALYSIS = YES;
				CLANG_WARN_STRICT_PROTOTYPES = YES;
				CLANG_WARN_SUSPICIOUS_MOVE = YES;
				CLANG_WARN_UNGUARDED_AVAILABILITY = YES_AGGRESSIVE;
				CLANG_WARN_UNREACHABLE_CODE = YES;
				CLANG_WARN__DUPLICATE_METHOD_MATCH = YES;
				COPY_PHASE_STRIP = NO;
				DEBUG_INFORMATION_FORMAT = "dwarf-with-dsym";
				ENABLE_NS_ASSERTIONS = NO;
				ENABLE_STRICT_OBJC_MSGSEND = YES;
				GCC_C_LANGUAGE_STANDARD = gnu11;
				GCC_NO_COMMON_BLOCKS = YES;
				GCC_WARN_64_TO_32_BIT_CONVERSION = YES;
				GCC_WARN_ABOUT_RETURN_TYPE = YES_ERROR;
				GCC_WARN_UNDECLARED_SELECTOR = YES;
				GCC_WARN_UNINITIALIZED_AUTOS = YES_AGGRESSIVE;
				GCC_WARN_UNUSED_FUNCTION = YES;
				GCC_WARN_UNUSED_VARIABLE = YES;
				IPHONEOS_DEPLOYMENT_TARGET = 16.2;
				MTL_ENABLE_DEBUG_INFO = NO;
				MTL_FAST_MATH = YES;
				SDKROOT = iphoneos;
				SWIFT_COMPILATION_MODE = wholemodule;
				SWIFT_OPTIMIZATION_LEVEL = "-O";
				VALIDATE_PRODUCT = YES;
			};
			name = Release;
		};
		81EC82492A38222E00BCE546 /* Debug */ = {
			isa = XCBuildConfiguration;
			buildSettings = {
				ASSETCATALOG_COMPILER_APPICON_NAME = AppIcon;
				ASSETCATALOG_COMPILER_GLOBAL_ACCENT_COLOR_NAME = AccentColor;
				CODE_SIGN_STYLE = Automatic;
				CURRENT_PROJECT_VERSION = 1;
				DEVELOPMENT_ASSET_PATHS = "\"Fibonacci/Preview Content\"";
				ENABLE_PREVIEWS = YES;
				GENERATE_INFOPLIST_FILE = YES;
				INFOPLIST_KEY_UIApplicationSceneManifest_Generation = YES;
				INFOPLIST_KEY_UIApplicationSupportsIndirectInputEvents = YES;
				INFOPLIST_KEY_UILaunchScreen_Generation = YES;
				INFOPLIST_KEY_UISupportedInterfaceOrientations_iPad = "UIInterfaceOrientationPortrait UIInterfaceOrientationPortraitUpsideDown UIInterfaceOrientationLandscapeLeft UIInterfaceOrientationLandscapeRight";
				INFOPLIST_KEY_UISupportedInterfaceOrientations_iPhone = "UIInterfaceOrientationPortrait UIInterfaceOrientationLandscapeLeft UIInterfaceOrientationLandscapeRight";
				LD_RUNPATH_SEARCH_PATHS = (
					"$(inherited)",
					"@executable_path/Frameworks",
				);
				MARKETING_VERSION = 1.0;
				PRODUCT_BUNDLE_IDENTIFIER = None.Fibonacci;
				PRODUCT_NAME = "$(TARGET_NAME)";
				SWIFT_EMIT_LOC_STRINGS = YES;
				SWIFT_VERSION = 5.0;
				TARGETED_DEVICE_FAMILY = "1,2";
			};
			name = Debug;
		};
		81EC824A2A38222E00BCE546 /* Release */ = {
			isa = XCBuildConfiguration;
			buildSettings = {
				ASSETCATALOG_COMPILER_APPICON_NAME = AppIcon;
				ASSETCATALOG_COMPILER_GLOBAL_ACCENT_COLOR_NAME = AccentColor;
				CODE_SIGN_STYLE = Automatic;
				CURRENT_PROJECT_VERSION = 1;
				DEVELOPMENT_ASSET_PATHS = "\"Fibonacci/Preview Content\"";
				ENABLE_PREVIEWS = YES;
				GENERATE_INFOPLIST_FILE = YES;
				INFOPLIST_KEY_UIApplicationSceneManifest_Generation = YES;
				INFOPLIST_KEY_UIApplicationSupportsIndirectInputEvents = YES;
				INFOPLIST_KEY_UILaunchScreen_Generation = YES;
				INFOPLIST_KEY_UISupportedInterfaceOrientations_iPad = "UIInterfaceOrientationPortrait UIInterfaceOrientationPortraitUpsideDown UIInterfaceOrientationLandscapeLeft UIInterfaceOrientationLandscapeRight";
				INFOPLIST_KEY_UISupportedInterfaceOrientations_iPhone = "UIInterfaceOrientationPortrait UIInterfaceOrientationLandscapeLeft UIInterfaceOrientationLandscapeRight";
				LD_RUNPATH_SEARCH_PATHS = (
					"$(inherited)",
					"@executable_path/Frameworks",
				);
				MARKETING_VERSION = 1.0;
				PRODUCT_BUNDLE_IDENTIFIER = None.Fibonacci;
				PRODUCT_NAME = "$(TARGET_NAME)";
				SWIFT_EMIT_LOC_STRINGS = YES;
				SWIFT_VERSION = 5.0;
				TARGETED_DEVICE_FAMILY = "1,2";
			};
			name = Release;
		};
		81EC824C2A38222E00BCE546 /* Debug */ = {
			isa = XCBuildConfiguration;
			buildSettings = {
				ALWAYS_EMBED_SWIFT_STANDARD_LIBRARIES = YES;
				BUNDLE_LOADER = "$(TEST_HOST)";
				CODE_SIGN_STYLE = Automatic;
				CURRENT_PROJECT_VERSION = 1;
				GENERATE_INFOPLIST_FILE = YES;
				IPHONEOS_DEPLOYMENT_TARGET = 16.2;
				MARKETING_VERSION = 1.0;
				PRODUCT_BUNDLE_IDENTIFIER = None.FibonacciTests;
				PRODUCT_NAME = "$(TARGET_NAME)";
				SWIFT_EMIT_LOC_STRINGS = NO;
				SWIFT_VERSION = 5.0;
				TARGETED_DEVICE_FAMILY = "1,2";
				TEST_HOST = "$(BUILT_PRODUCTS_DIR)/Fibonacci.app/$(BUNDLE_EXECUTABLE_FOLDER_PATH)/Fibonacci";
			};
			name = Debug;
		};
		81EC824D2A38222E00BCE546 /* Release */ = {
			isa = XCBuildConfiguration;
			buildSettings = {
				ALWAYS_EMBED_SWIFT_STANDARD_LIBRARIES = YES;
				BUNDLE_LOADER = "$(TEST_HOST)";
				CODE_SIGN_STYLE = Automatic;
				CURRENT_PROJECT_VERSION = 1;
				GENERATE_INFOPLIST_FILE = YES;
				IPHONEOS_DEPLOYMENT_TARGET = 16.2;
				MARKETING_VERSION = 1.0;
				PRODUCT_BUNDLE_IDENTIFIER = None.FibonacciTests;
				PRODUCT_NAME = "$(TARGET_NAME)";
				SWIFT_EMIT_LOC_STRINGS = NO;
				SWIFT_VERSION = 5.0;
				TARGETED_DEVICE_FAMILY = "1,2";
				TEST_HOST = "$(BUILT_PRODUCTS_DIR)/Fibonacci.app/$(BUNDLE_EXECUTABLE_FOLDER_PATH)/Fibonacci";
			};
			name = Release;
		};
		81EC824F2A38222E00BCE546 /* Debug */ = {
			isa = XCBuildConfiguration;
			buildSettings = {
				ALWAYS_EMBED_SWIFT_STANDARD_LIBRARIES = YES;
				CODE_SIGN_STYLE = Automatic;
				CURRENT_PROJECT_VERSION = 1;
				GENERATE_INFOPLIST_FILE = YES;
				MARKETING_VERSION = 1.0;
				PRODUCT_BUNDLE_IDENTIFIER = None.FibonacciUITests;
				PRODUCT_NAME = "$(TARGET_NAME)";
				SWIFT_EMIT_LOC_STRINGS = NO;
				SWIFT_VERSION = 5.0;
				TARGETED_DEVICE_FAMILY = "1,2";
				TEST_TARGET_NAME = Fibonacci;
			};
			name = Debug;
		};
		81EC82502A38222E00BCE546 /* Release */ = {
			isa = XCBuildConfiguration;
			buildSettings = {
				ALWAYS_EMBED_SWIFT_STANDARD_LIBRARIES = YES;
				CODE_SIGN_STYLE = Automatic;
				CURRENT_PROJECT_VERSION = 1;
				GENERATE_INFOPLIST_FILE = YES;
				MARKETING_VERSION = 1.0;
				PRODUCT_BUNDLE_IDENTIFIER = None.FibonacciUITests;
				PRODUCT_NAME = "$(TARGET_NAME)";
				SWIFT_EMIT_LOC_STRINGS = NO;
				SWIFT_VERSION = 5.0;
				TARGETED_DEVICE_FAMILY = "1,2";
				TEST_TARGET_NAME = Fibonacci;
			};
			name = Release;
		};
/* End XCBuildConfiguration section */

/* Begin XCConfigurationList section */
		81EC821F2A38222A00BCE546 /* Build configuration list for PBXProject "Fibonacci" */ = {
			isa = XCConfigurationList;
			buildConfigurations = (
				81EC82462A38222E00BCE546 /* Debug */,
				81EC82472A38222E00BCE546 /* Release */,
			);
			defaultConfigurationIsVisible = 0;
			defaultConfigurationName = Release;
		};
		81EC82482A38222E00BCE546 /* Build configuration list for PBXNativeTarget "Fibonacci" */ = {
			isa = XCConfigurationList;
			buildConfigurations = (
				81EC82492A38222E00BCE546 /* Debug */,
				81EC824A2A38222E00BCE546 /* Release */,
			);
			defaultConfigurationIsVisible = 0;
			defaultConfigurationName = Release;
		};
		81EC824B2A38222E00BCE546 /* Build configuration list for PBXNativeTarget "FibonacciTests" */ = {
			isa = XCConfigurationList;
			buildConfigurations = (
				81EC824C2A38222E00BCE546 /* Debug */,
				81EC824D2A38222E00BCE546 /* Release */,
			);
			defaultConfigurationIsVisible = 0;
			defaultConfigurationName = Release;
		};
		81EC824E2A38222E00BCE546 /* Build configuration list for PBXNativeTarget "FibonacciUITests" */ = {
			isa = XCConfigurationList;
			buildConfigurations = (
				81EC824F2A38222E00BCE546 /* Debug */,
				81EC82502A38222E00BCE546 /* Release */,
			);
			defaultConfigurationIsVisible = 0;
			defaultConfigurationName = Release;
		};
/* End XCConfigurationList section */
	};
	rootObject = 81EC821C2A38222A00BCE546 /* Project object */;
}
