// !$*UTF8*$!
{
	archiveVersion = 1;
	classes = {
	};
	objectVersion = 56;
	objects = {

/* Begin PBXBuildFile section */
		81EC81B62A36386000BCE546 /* PassingDataDemoApp.swift in Sources */ = {isa = PBXBuildFile; fileRef = 81EC81B52A36386000BCE546 /* PassingDataDemoApp.swift */; };
		81EC81B82A36386000BCE546 /* ContentView.swift in Sources */ = {isa = PBXBuildFile; fileRef = 81EC81B72A36386000BCE546 /* ContentView.swift */; };
		81EC81BA2A36386300BCE546 /* Assets.xcassets in Resources */ = {isa = PBXBuildFile; fileRef = 81EC81B92A36386300BCE546 /* Assets.xcassets */; };
		81EC81BD2A36386300BCE546 /* Preview Assets.xcassets in Resources */ = {isa = PBXBuildFile; fileRef = 81EC81BC2A36386300BCE546 /* Preview Assets.xcassets */; };
		81EC81C72A36386300BCE546 /* PassingDataDemoTests.swift in Sources */ = {isa = PBXBuildFile; fileRef = 81EC81C62A36386300BCE546 /* PassingDataDemoTests.swift */; };
		81EC81D12A36386300BCE546 /* PassingDataDemoUITests.swift in Sources */ = {isa = PBXBuildFile; fileRef = 81EC81D02A36386300BCE546 /* PassingDataDemoUITests.swift */; };
		81EC81D32A36386300BCE546 /* PassingDataDemoUITestsLaunchTests.swift in Sources */ = {isa = PBXBuildFile; fileRef = 81EC81D22A36386300BCE546 /* PassingDataDemoUITestsLaunchTests.swift */; };
		81EC81E02A363CF100BCE546 /* PassingDataViewModel.swift in Sources */ = {isa = PBXBuildFile; fileRef = 81EC81DF2A363CF100BCE546 /* PassingDataViewModel.swift */; };
		81EC81E22A363D7200BCE546 /* StateBinding.swift in Sources */ = {isa = PBXBuildFile; fileRef = 81EC81E12A363D7200BCE546 /* StateBinding.swift */; };
/* End PBXBuildFile section */

/* Begin PBXContainerItemProxy section */
		81EC81C32A36386300BCE546 /* PBXContainerItemProxy */ = {
			isa = PBXContainerItemProxy;
			containerPortal = 81EC81AA2A36386000BCE546 /* Project object */;
			proxyType = 1;
			remoteGlobalIDString = 81EC81B12A36386000BCE546;
			remoteInfo = PassingDataDemo;
		};
		81EC81CD2A36386300BCE546 /* PBXContainerItemProxy */ = {
			isa = PBXContainerItemProxy;
			containerPortal = 81EC81AA2A36386000BCE546 /* Project object */;
			proxyType = 1;
			remoteGlobalIDString = 81EC81B12A36386000BCE546;
			remoteInfo = PassingDataDemo;
		};
/* End PBXContainerItemProxy section */

/* Begin PBXFileReference section */
		81EC81B22A36386000BCE546 /* PassingDataDemo.app */ = {isa = PBXFileReference; explicitFileType = wrapper.application; includeInIndex = 0; path = PassingDataDemo.app; sourceTree = BUILT_PRODUCTS_DIR; };
		81EC81B52A36386000BCE546 /* PassingDataDemoApp.swift */ = {isa = PBXFileReference; lastKnownFileType = sourcecode.swift; path = PassingDataDemoApp.swift; sourceTree = "<group>"; };
		81EC81B72A36386000BCE546 /* ContentView.swift */ = {isa = PBXFileReference; lastKnownFileType = sourcecode.swift; path = ContentView.swift; sourceTree = "<group>"; };
		81EC81B92A36386300BCE546 /* Assets.xcassets */ = {isa = PBXFileReference; lastKnownFileType = folder.assetcatalog; path = Assets.xcassets; sourceTree = "<group>"; };
		81EC81BC2A36386300BCE546 /* Preview Assets.xcassets */ = {isa = PBXFileReference; lastKnownFileType = folder.assetcatalog; path = "Preview Assets.xcassets"; sourceTree = "<group>"; };
		81EC81C22A36386300BCE546 /* PassingDataDemoTests.xctest */ = {isa = PBXFileReference; explicitFileType = wrapper.cfbundle; includeInIndex = 0; path = PassingDataDemoTests.xctest; sourceTree = BUILT_PRODUCTS_DIR; };
		81EC81C62A36386300BCE546 /* PassingDataDemoTests.swift */ = {isa = PBXFileReference; lastKnownFileType = sourcecode.swift; path = PassingDataDemoTests.swift; sourceTree = "<group>"; };
		81EC81CC2A36386300BCE546 /* PassingDataDemoUITests.xctest */ = {isa = PBXFileReference; explicitFileType = wrapper.cfbundle; includeInIndex = 0; path = PassingDataDemoUITests.xctest; sourceTree = BUILT_PRODUCTS_DIR; };
		81EC81D02A36386300BCE546 /* PassingDataDemoUITests.swift */ = {isa = PBXFileReference; lastKnownFileType = sourcecode.swift; path = PassingDataDemoUITests.swift; sourceTree = "<group>"; };
		81EC81D22A36386300BCE546 /* PassingDataDemoUITestsLaunchTests.swift */ = {isa = PBXFileReference; lastKnownFileType = sourcecode.swift; path = PassingDataDemoUITestsLaunchTests.swift; sourceTree = "<group>"; };
		81EC81DF2A363CF100BCE546 /* PassingDataViewModel.swift */ = {isa = PBXFileReference; lastKnownFileType = sourcecode.swift; path = PassingDataViewModel.swift; sourceTree = "<group>"; };
		81EC81E12A363D7200BCE546 /* StateBinding.swift */ = {isa = PBXFileReference; lastKnownFileType = sourcecode.swift; path = StateBinding.swift; sourceTree = "<group>"; };
/* End PBXFileReference section */

/* Begin PBXFrameworksBuildPhase section */
		81EC81AF2A36386000BCE546 /* Frameworks */ = {
			isa = PBXFrameworksBuildPhase;
			buildActionMask = 2147483647;
			files = (
			);
			runOnlyForDeploymentPostprocessing = 0;
		};
		81EC81BF2A36386300BCE546 /* Frameworks */ = {
			isa = PBXFrameworksBuildPhase;
			buildActionMask = 2147483647;
			files = (
			);
			runOnlyForDeploymentPostprocessing = 0;
		};
		81EC81C92A36386300BCE546 /* Frameworks */ = {
			isa = PBXFrameworksBuildPhase;
			buildActionMask = 2147483647;
			files = (
			);
			runOnlyForDeploymentPostprocessing = 0;
		};
/* End PBXFrameworksBuildPhase section */

/* Begin PBXGroup section */
		81EC81A92A36386000BCE546 = {
			isa = PBXGroup;
			children = (
				81EC81B42A36386000BCE546 /* PassingDataDemo */,
				81EC81C52A36386300BCE546 /* PassingDataDemoTests */,
				81EC81CF2A36386300BCE546 /* PassingDataDemoUITests */,
				81EC81B32A36386000BCE546 /* Products */,
			);
			sourceTree = "<group>";
		};
		81EC81B32A36386000BCE546 /* Products */ = {
			isa = PBXGroup;
			children = (
				81EC81B22A36386000BCE546 /* PassingDataDemo.app */,
				81EC81C22A36386300BCE546 /* PassingDataDemoTests.xctest */,
				81EC81CC2A36386300BCE546 /* PassingDataDemoUITests.xctest */,
			);
			name = Products;
			sourceTree = "<group>";
		};
		81EC81B42A36386000BCE546 /* PassingDataDemo */ = {
			isa = PBXGroup;
			children = (
				81EC81B52A36386000BCE546 /* PassingDataDemoApp.swift */,
				81EC81B72A36386000BCE546 /* ContentView.swift */,
				81EC81DF2A363CF100BCE546 /* PassingDataViewModel.swift */,
				81EC81B92A36386300BCE546 /* Assets.xcassets */,
				81EC81BB2A36386300BCE546 /* Preview Content */,
			);
			path = PassingDataDemo;
			sourceTree = "<group>";
		};
		81EC81BB2A36386300BCE546 /* Preview Content */ = {
			isa = PBXGroup;
			children = (
				81EC81BC2A36386300BCE546 /* Preview Assets.xcassets */,
				81EC81E12A363D7200BCE546 /* StateBinding.swift */,
			);
			path = "Preview Content";
			sourceTree = "<group>";
		};
		81EC81C52A36386300BCE546 /* PassingDataDemoTests */ = {
			isa = PBXGroup;
			children = (
				81EC81C62A36386300BCE546 /* PassingDataDemoTests.swift */,
			);
			path = PassingDataDemoTests;
			sourceTree = "<group>";
		};
		81EC81CF2A36386300BCE546 /* PassingDataDemoUITests */ = {
			isa = PBXGroup;
			children = (
				81EC81D02A36386300BCE546 /* PassingDataDemoUITests.swift */,
				81EC81D22A36386300BCE546 /* PassingDataDemoUITestsLaunchTests.swift */,
			);
			path = PassingDataDemoUITests;
			sourceTree = "<group>";
		};
/* End PBXGroup section */

/* Begin PBXNativeTarget section */
		81EC81B12A36386000BCE546 /* PassingDataDemo */ = {
			isa = PBXNativeTarget;
			buildConfigurationList = 81EC81D62A36386300BCE546 /* Build configuration list for PBXNativeTarget "PassingDataDemo" */;
			buildPhases = (
				81EC81AE2A36386000BCE546 /* Sources */,
				81EC81AF2A36386000BCE546 /* Frameworks */,
				81EC81B02A36386000BCE546 /* Resources */,
			);
			buildRules = (
			);
			dependencies = (
			);
			name = PassingDataDemo;
			productName = PassingDataDemo;
			productReference = 81EC81B22A36386000BCE546 /* PassingDataDemo.app */;
			productType = "com.apple.product-type.application";
		};
		81EC81C12A36386300BCE546 /* PassingDataDemoTests */ = {
			isa = PBXNativeTarget;
			buildConfigurationList = 81EC81D92A36386300BCE546 /* Build configuration list for PBXNativeTarget "PassingDataDemoTests" */;
			buildPhases = (
				81EC81BE2A36386300BCE546 /* Sources */,
				81EC81BF2A36386300BCE546 /* Frameworks */,
				81EC81C02A36386300BCE546 /* Resources */,
			);
			buildRules = (
			);
			dependencies = (
				81EC81C42A36386300BCE546 /* PBXTargetDependency */,
			);
			name = PassingDataDemoTests;
			productName = PassingDataDemoTests;
			productReference = 81EC81C22A36386300BCE546 /* PassingDataDemoTests.xctest */;
			productType = "com.apple.product-type.bundle.unit-test";
		};
		81EC81CB2A36386300BCE546 /* PassingDataDemoUITests */ = {
			isa = PBXNativeTarget;
			buildConfigurationList = 81EC81DC2A36386300BCE546 /* Build configuration list for PBXNativeTarget "PassingDataDemoUITests" */;
			buildPhases = (
				81EC81C82A36386300BCE546 /* Sources */,
				81EC81C92A36386300BCE546 /* Frameworks */,
				81EC81CA2A36386300BCE546 /* Resources */,
			);
			buildRules = (
			);
			dependencies = (
				81EC81CE2A36386300BCE546 /* PBXTargetDependency */,
			);
			name = PassingDataDemoUITests;
			productName = PassingDataDemoUITests;
			productReference = 81EC81CC2A36386300BCE546 /* PassingDataDemoUITests.xctest */;
			productType = "com.apple.product-type.bundle.ui-testing";
		};
/* End PBXNativeTarget section */

/* Begin PBXProject section */
		81EC81AA2A36386000BCE546 /* Project object */ = {
			isa = PBXProject;
			attributes = {
				BuildIndependentTargetsInParallel = 1;
				LastSwiftUpdateCheck = 1420;
				LastUpgradeCheck = 1420;
				TargetAttributes = {
					81EC81B12A36386000BCE546 = {
						CreatedOnToolsVersion = 14.2;
					};
					81EC81C12A36386300BCE546 = {
						CreatedOnToolsVersion = 14.2;
						TestTargetID = 81EC81B12A36386000BCE546;
					};
					81EC81CB2A36386300BCE546 = {
						CreatedOnToolsVersion = 14.2;
						TestTargetID = 81EC81B12A36386000BCE546;
					};
				};
			};
			buildConfigurationList = 81EC81AD2A36386000BCE546 /* Build configuration list for PBXProject "PassingDataDemo" */;
			compatibilityVersion = "Xcode 14.0";
			developmentRegion = en;
			hasScannedForEncodings = 0;
			knownRegions = (
				en,
				Base,
			);
			mainGroup = 81EC81A92A36386000BCE546;
			productRefGroup = 81EC81B32A36386000BCE546 /* Products */;
			projectDirPath = "";
			projectRoot = "";
			targets = (
				81EC81B12A36386000BCE546 /* PassingDataDemo */,
				81EC81C12A36386300BCE546 /* PassingDataDemoTests */,
				81EC81CB2A36386300BCE546 /* PassingDataDemoUITests */,
			);
		};
/* End PBXProject section */

/* Begin PBXResourcesBuildPhase section */
		81EC81B02A36386000BCE546 /* Resources */ = {
			isa = PBXResourcesBuildPhase;
			buildActionMask = 2147483647;
			files = (
				81EC81BD2A36386300BCE546 /* Preview Assets.xcassets in Resources */,
				81EC81BA2A36386300BCE546 /* Assets.xcassets in Resources */,
			);
			runOnlyForDeploymentPostprocessing = 0;
		};
		81EC81C02A36386300BCE546 /* Resources */ = {
			isa = PBXResourcesBuildPhase;
			buildActionMask = 2147483647;
			files = (
			);
			runOnlyForDeploymentPostprocessing = 0;
		};
		81EC81CA2A36386300BCE546 /* Resources */ = {
			isa = PBXResourcesBuildPhase;
			buildActionMask = 2147483647;
			files = (
			);
			runOnlyForDeploymentPostprocessing = 0;
		};
/* End PBXResourcesBuildPhase section */

/* Begin PBXSourcesBuildPhase section */
		81EC81AE2A36386000BCE546 /* Sources */ = {
			isa = PBXSourcesBuildPhase;
			buildActionMask = 2147483647;
			files = (
				81EC81B82A36386000BCE546 /* ContentView.swift in Sources */,
				81EC81E22A363D7200BCE546 /* StateBinding.swift in Sources */,
				81EC81B62A36386000BCE546 /* PassingDataDemoApp.swift in Sources */,
				81EC81E02A363CF100BCE546 /* PassingDataViewModel.swift in Sources */,
			);
			runOnlyForDeploymentPostprocessing = 0;
		};
		81EC81BE2A36386300BCE546 /* Sources */ = {
			isa = PBXSourcesBuildPhase;
			buildActionMask = 2147483647;
			files = (
				81EC81C72A36386300BCE546 /* PassingDataDemoTests.swift in Sources */,
			);
			runOnlyForDeploymentPostprocessing = 0;
		};
		81EC81C82A36386300BCE546 /* Sources */ = {
			isa = PBXSourcesBuildPhase;
			buildActionMask = 2147483647;
			files = (
				81EC81D12A36386300BCE546 /* PassingDataDemoUITests.swift in Sources */,
				81EC81D32A36386300BCE546 /* PassingDataDemoUITestsLaunchTests.swift in Sources */,
			);
			runOnlyForDeploymentPostprocessing = 0;
		};
/* End PBXSourcesBuildPhase section */

/* Begin PBXTargetDependency section */
		81EC81C42A36386300BCE546 /* PBXTargetDependency */ = {
			isa = PBXTargetDependency;
			target = 81EC81B12A36386000BCE546 /* PassingDataDemo */;
			targetProxy = 81EC81C32A36386300BCE546 /* PBXContainerItemProxy */;
		};
		81EC81CE2A36386300BCE546 /* PBXTargetDependency */ = {
			isa = PBXTargetDependency;
			target = 81EC81B12A36386000BCE546 /* PassingDataDemo */;
			targetProxy = 81EC81CD2A36386300BCE546 /* PBXContainerItemProxy */;
		};
/* End PBXTargetDependency section */

/* Begin XCBuildConfiguration section */
		81EC81D42A36386300BCE546 /* Debug */ = {
			isa = XCBuildConfiguration;
			buildSettings = {
				ALWAYS_SEARCH_USER_PATHS = NO;
				CLANG_ANALYZER_NONNULL = YES;
				CLANG_ANALYZER_NUMBER_OBJECT_CONVERSION = YES_AGGRESSIVE;
				CLANG_CXX_LANGUAGE_STANDARD = "gnu++20";
				CLANG_ENABLE_MODULES = YES;
				CLANG_ENABLE_OBJC_ARC = YES;
				CLANG_ENABLE_OBJC_WEAK = YES;
				CLANG_WARN_BLOCK_CAPTURE_AUTORELEASING = YES;
				CLANG_WARN_BOOL_CONVERSION = YES;
				CLANG_WARN_COMMA = YES;
				CLANG_WARN_CONSTANT_CONVERSION = YES;
				CLANG_WARN_DEPRECATED_OBJC_IMPLEMENTATIONS = YES;
				CLANG_WARN_DIRECT_OBJC_ISA_USAGE = YES_ERROR;
				CLANG_WARN_DOCUMENTATION_COMMENTS = YES;
				CLANG_WARN_EMPTY_BODY = YES;
				CLANG_WARN_ENUM_CONVERSION = YES;
				CLANG_WARN_INFINITE_RECURSION = YES;
				CLANG_WARN_INT_CONVERSION = YES;
				CLANG_WARN_NON_LITERAL_NULL_CONVERSION = YES;
				CLANG_WARN_OBJC_IMPLICIT_RETAIN_SELF = YES;
				CLANG_WARN_OBJC_LITERAL_CONVERSION = YES;
				CLANG_WARN_OBJC_ROOT_CLASS = YES_ERROR;
				CLANG_WARN_QUOTED_INCLUDE_IN_FRAMEWORK_HEADER = YES;
				CLANG_WARN_RANGE_LOOP_ANALYSIS = YES;
				CLANG_WARN_STRICT_PROTOTYPES = YES;
				CLANG_WARN_SUSPICIOUS_MOVE = YES;
				CLANG_WARN_UNGUARDED_AVAILABILITY = YES_AGGRESSIVE;
				CLANG_WARN_UNREACHABLE_CODE = YES;
				CLANG_WARN__DUPLICATE_METHOD_MATCH = YES;
				COPY_PHASE_STRIP = NO;
				DEBUG_INFORMATION_FORMAT = dwarf;
				ENABLE_STRICT_OBJC_MSGSEND = YES;
				ENABLE_TESTABILITY = YES;
				GCC_C_LANGUAGE_STANDARD = gnu11;
				GCC_DYNAMIC_NO_PIC = NO;
				GCC_NO_COMMON_BLOCKS = YES;
				GCC_OPTIMIZATION_LEVEL = 0;
				GCC_PREPROCESSOR_DEFINITIONS = (
					"DEBUG=1",
					"$(inherited)",
				);
				GCC_WARN_64_TO_32_BIT_CONVERSION = YES;
				GCC_WARN_ABOUT_RETURN_TYPE = YES_ERROR;
				GCC_WARN_UNDECLARED_SELECTOR = YES;
				GCC_WARN_UNINITIALIZED_AUTOS = YES_AGGRESSIVE;
				GCC_WARN_UNUSED_FUNCTION = YES;
				GCC_WARN_UNUSED_VARIABLE = YES;
				IPHONEOS_DEPLOYMENT_TARGET = 16.2;
				MTL_ENABLE_DEBUG_INFO = INCLUDE_SOURCE;
				MTL_FAST_MATH = YES;
				ONLY_ACTIVE_ARCH = YES;
				SDKROOT = iphoneos;
				SWIFT_ACTIVE_COMPILATION_CONDITIONS = DEBUG;
				SWIFT_OPTIMIZATION_LEVEL = "-Onone";
			};
			name = Debug;
		};
		81EC81D52A36386300BCE546 /* Release */ = {
			isa = XCBuildConfiguration;
			buildSettings = {
				ALWAYS_SEARCH_USER_PATHS = NO;
				CLANG_ANALYZER_NONNULL = YES;
				CLANG_ANALYZER_NUMBER_OBJECT_CONVERSION = YES_AGGRESSIVE;
				CLANG_CXX_LANGUAGE_STANDARD = "gnu++20";
				CLANG_ENABLE_MODULES = YES;
				CLANG_ENABLE_OBJC_ARC = YES;
				CLANG_ENABLE_OBJC_WEAK = YES;
				CLANG_WARN_BLOCK_CAPTURE_AUTORELEASING = YES;
				CLANG_WARN_BOOL_CONVERSION = YES;
				CLANG_WARN_COMMA = YES;
				CLANG_WARN_CONSTANT_CONVERSION = YES;
				CLANG_WARN_DEPRECATED_OBJC_IMPLEMENTATIONS = YES;
				CLANG_WARN_DIRECT_OBJC_ISA_USAGE = YES_ERROR;
				CLANG_WARN_DOCUMENTATION_COMMENTS = YES;
				CLANG_WARN_EMPTY_BODY = YES;
				CLANG_WARN_ENUM_CONVERSION = YES;
				CLANG_WARN_INFINITE_RECURSION = YES;
				CLANG_WARN_INT_CONVERSION = YES;
				CLANG_WARN_NON_LITERAL_NULL_CONVERSION = YES;
				CLANG_WARN_OBJC_IMPLICIT_RETAIN_SELF = YES;
				CLANG_WARN_OBJC_LITERAL_CONVERSION = YES;
				CLANG_WARN_OBJC_ROOT_CLASS = YES_ERROR;
				CLANG_WARN_QUOTED_INCLUDE_IN_FRAMEWORK_HEADER = YES;
				CLANG_WARN_RANGE_LOOP_ANALYSIS = YES;
				CLANG_WARN_STRICT_PROTOTYPES = YES;
				CLANG_WARN_SUSPICIOUS_MOVE = YES;
				CLANG_WARN_UNGUARDED_AVAILABILITY = YES_AGGRESSIVE;
				CLANG_WARN_UNREACHABLE_CODE = YES;
				CLANG_WARN__DUPLICATE_METHOD_MATCH = YES;
				COPY_PHASE_STRIP = NO;
				DEBUG_INFORMATION_FORMAT = "dwarf-with-dsym";
				ENABLE_NS_ASSERTIONS = NO;
				ENABLE_STRICT_OBJC_MSGSEND = YES;
				GCC_C_LANGUAGE_STANDARD = gnu11;
				GCC_NO_COMMON_BLOCKS = YES;
				GCC_WARN_64_TO_32_BIT_CONVERSION = YES;
				GCC_WARN_ABOUT_RETURN_TYPE = YES_ERROR;
				GCC_WARN_UNDECLARED_SELECTOR = YES;
				GCC_WARN_UNINITIALIZED_AUTOS = YES_AGGRESSIVE;
				GCC_WARN_UNUSED_FUNCTION = YES;
				GCC_WARN_UNUSED_VARIABLE = YES;
				IPHONEOS_DEPLOYMENT_TARGET = 16.2;
				MTL_ENABLE_DEBUG_INFO = NO;
				MTL_FAST_MATH = YES;
				SDKROOT = iphoneos;
				SWIFT_COMPILATION_MODE = wholemodule;
				SWIFT_OPTIMIZATION_LEVEL = "-O";
				VALIDATE_PRODUCT = YES;
			};
			name = Release;
		};
		81EC81D72A36386300BCE546 /* Debug */ = {
			isa = XCBuildConfiguration;
			buildSettings = {
				ASSETCATALOG_COMPILER_APPICON_NAME = AppIcon;
				ASSETCATALOG_COMPILER_GLOBAL_ACCENT_COLOR_NAME = AccentColor;
				CODE_SIGN_STYLE = Automatic;
				CURRENT_PROJECT_VERSION = 1;
				DEVELOPMENT_ASSET_PATHS = "\"PassingDataDemo/Preview Content\"";
				ENABLE_PREVIEWS = YES;
				GENERATE_INFOPLIST_FILE = YES;
				INFOPLIST_KEY_UIApplicationSceneManifest_Generation = YES;
				INFOPLIST_KEY_UIApplicationSupportsIndirectInputEvents = YES;
				INFOPLIST_KEY_UILaunchScreen_Generation = YES;
				INFOPLIST_KEY_UISupportedInterfaceOrientations_iPad = "UIInterfaceOrientationPortrait UIInterfaceOrientationPortraitUpsideDown UIInterfaceOrientationLandscapeLeft UIInterfaceOrientationLandscapeRight";
				INFOPLIST_KEY_UISupportedInterfaceOrientations_iPhone = "UIInterfaceOrientationPortrait UIInterfaceOrientationLandscapeLeft UIInterfaceOrientationLandscapeRight";
				LD_RUNPATH_SEARCH_PATHS = (
					"$(inherited)",
					"@executable_path/Frameworks",
				);
				MARKETING_VERSION = 1.0;
				PRODUCT_BUNDLE_IDENTIFIER = None.PassingDataDemo;
				PRODUCT_NAME = "$(TARGET_NAME)";
				SWIFT_EMIT_LOC_STRINGS = YES;
				SWIFT_VERSION = 5.0;
				TARGETED_DEVICE_FAMILY = "1,2";
			};
			name = Debug;
		};
		81EC81D82A36386300BCE546 /* Release */ = {
			isa = XCBuildConfiguration;
			buildSettings = {
				ASSETCATALOG_COMPILER_APPICON_NAME = AppIcon;
				ASSETCATALOG_COMPILER_GLOBAL_ACCENT_COLOR_NAME = AccentColor;
				CODE_SIGN_STYLE = Automatic;
				CURRENT_PROJECT_VERSION = 1;
				DEVELOPMENT_ASSET_PATHS = "\"PassingDataDemo/Preview Content\"";
				ENABLE_PREVIEWS = YES;
				GENERATE_INFOPLIST_FILE = YES;
				INFOPLIST_KEY_UIApplicationSceneManifest_Generation = YES;
				INFOPLIST_KEY_UIApplicationSupportsIndirectInputEvents = YES;
				INFOPLIST_KEY_UILaunchScreen_Generation = YES;
				INFOPLIST_KEY_UISupportedInterfaceOrientations_iPad = "UIInterfaceOrientationPortrait UIInterfaceOrientationPortraitUpsideDown UIInterfaceOrientationLandscapeLeft UIInterfaceOrientationLandscapeRight";
				INFOPLIST_KEY_UISupportedInterfaceOrientations_iPhone = "UIInterfaceOrientationPortrait UIInterfaceOrientationLandscapeLeft UIInterfaceOrientationLandscapeRight";
				LD_RUNPATH_SEARCH_PATHS = (
					"$(inherited)",
					"@executable_path/Frameworks",
				);
				MARKETING_VERSION = 1.0;
				PRODUCT_BUNDLE_IDENTIFIER = None.PassingDataDemo;
				PRODUCT_NAME = "$(TARGET_NAME)";
				SWIFT_EMIT_LOC_STRINGS = YES;
				SWIFT_VERSION = 5.0;
				TARGETED_DEVICE_FAMILY = "1,2";
			};
			name = Release;
		};
		81EC81DA2A36386300BCE546 /* Debug */ = {
			isa = XCBuildConfiguration;
			buildSettings = {
				ALWAYS_EMBED_SWIFT_STANDARD_LIBRARIES = YES;
				BUNDLE_LOADER = "$(TEST_HOST)";
				CODE_SIGN_STYLE = Automatic;
				CURRENT_PROJECT_VERSION = 1;
				GENERATE_INFOPLIST_FILE = YES;
				IPHONEOS_DEPLOYMENT_TARGET = 16.2;
				MARKETING_VERSION = 1.0;
				PRODUCT_BUNDLE_IDENTIFIER = None.PassingDataDemoTests;
				PRODUCT_NAME = "$(TARGET_NAME)";
				SWIFT_EMIT_LOC_STRINGS = NO;
				SWIFT_VERSION = 5.0;
				TARGETED_DEVICE_FAMILY = "1,2";
				TEST_HOST = "$(BUILT_PRODUCTS_DIR)/PassingDataDemo.app/$(BUNDLE_EXECUTABLE_FOLDER_PATH)/PassingDataDemo";
			};
			name = Debug;
		};
		81EC81DB2A36386300BCE546 /* Release */ = {
			isa = XCBuildConfiguration;
			buildSettings = {
				ALWAYS_EMBED_SWIFT_STANDARD_LIBRARIES = YES;
				BUNDLE_LOADER = "$(TEST_HOST)";
				CODE_SIGN_STYLE = Automatic;
				CURRENT_PROJECT_VERSION = 1;
				GENERATE_INFOPLIST_FILE = YES;
				IPHONEOS_DEPLOYMENT_TARGET = 16.2;
				MARKETING_VERSION = 1.0;
				PRODUCT_BUNDLE_IDENTIFIER = None.PassingDataDemoTests;
				PRODUCT_NAME = "$(TARGET_NAME)";
				SWIFT_EMIT_LOC_STRINGS = NO;
				SWIFT_VERSION = 5.0;
				TARGETED_DEVICE_FAMILY = "1,2";
				TEST_HOST = "$(BUILT_PRODUCTS_DIR)/PassingDataDemo.app/$(BUNDLE_EXECUTABLE_FOLDER_PATH)/PassingDataDemo";
			};
			name = Release;
		};
		81EC81DD2A36386300BCE546 /* Debug */ = {
			isa = XCBuildConfiguration;
			buildSettings = {
				ALWAYS_EMBED_SWIFT_STANDARD_LIBRARIES = YES;
				CODE_SIGN_STYLE = Automatic;
				CURRENT_PROJECT_VERSION = 1;
				GENERATE_INFOPLIST_FILE = YES;
				MARKETING_VERSION = 1.0;
				PRODUCT_BUNDLE_IDENTIFIER = None.PassingDataDemoUITests;
				PRODUCT_NAME = "$(TARGET_NAME)";
				SWIFT_EMIT_LOC_STRINGS = NO;
				SWIFT_VERSION = 5.0;
				TARGETED_DEVICE_FAMILY = "1,2";
				TEST_TARGET_NAME = PassingDataDemo;
			};
			name = Debug;
		};
		81EC81DE2A36386300BCE546 /* Release */ = {
			isa = XCBuildConfiguration;
			buildSettings = {
				ALWAYS_EMBED_SWIFT_STANDARD_LIBRARIES = YES;
				CODE_SIGN_STYLE = Automatic;
				CURRENT_PROJECT_VERSION = 1;
				GENERATE_INFOPLIST_FILE = YES;
				MARKETING_VERSION = 1.0;
				PRODUCT_BUNDLE_IDENTIFIER = None.PassingDataDemoUITests;
				PRODUCT_NAME = "$(TARGET_NAME)";
				SWIFT_EMIT_LOC_STRINGS = NO;
				SWIFT_VERSION = 5.0;
				TARGETED_DEVICE_FAMILY = "1,2";
				TEST_TARGET_NAME = PassingDataDemo;
			};
			name = Release;
		};
/* End XCBuildConfiguration section */

/* Begin XCConfigurationList section */
		81EC81AD2A36386000BCE546 /* Build configuration list for PBXProject "PassingDataDemo" */ = {
			isa = XCConfigurationList;
			buildConfigurations = (
				81EC81D42A36386300BCE546 /* Debug */,
				81EC81D52A36386300BCE546 /* Release */,
			);
			defaultConfigurationIsVisible = 0;
			defaultConfigurationName = Release;
		};
		81EC81D62A36386300BCE546 /* Build configuration list for PBXNativeTarget "PassingDataDemo" */ = {
			isa = XCConfigurationList;
			buildConfigurations = (
				81EC81D72A36386300BCE546 /* Debug */,
				81EC81D82A36386300BCE546 /* Release */,
			);
			defaultConfigurationIsVisible = 0;
			defaultConfigurationName = Release;
		};
		81EC81D92A36386300BCE546 /* Build configuration list for PBXNativeTarget "PassingDataDemoTests" */ = {
			isa = XCConfigurationList;
			buildConfigurations = (
				81EC81DA2A36386300BCE546 /* Debug */,
				81EC81DB2A36386300BCE546 /* Release */,
			);
			defaultConfigurationIsVisible = 0;
			defaultConfigurationName = Release;
		};
		81EC81DC2A36386300BCE546 /* Build configuration list for PBXNativeTarget "PassingDataDemoUITests" */ = {
			isa = XCConfigurationList;
			buildConfigurations = (
				81EC81DD2A36386300BCE546 /* Debug */,
				81EC81DE2A36386300BCE546 /* Release */,
			);
			defaultConfigurationIsVisible = 0;
			defaultConfigurationName = Release;
		};
/* End XCConfigurationList section */
	};
	rootObject = 81EC81AA2A36386000BCE546 /* Project object */;
}
