// !$*UTF8*$!
{
	archiveVersion = 1;
	classes = {
	};
	objectVersion = 56;
	objects = {

/* Begin PBXBuildFile section */
		81EC817E2A36292800BCE546 /* GridDemoApp.swift in Sources */ = {isa = PBXBuildFile; fileRef = 81EC817D2A36292800BCE546 /* GridDemoApp.swift */; };
		81EC81802A36292800BCE546 /* ContentView.swift in Sources */ = {isa = PBXBuildFile; fileRef = 81EC817F2A36292800BCE546 /* ContentView.swift */; };
		81EC81822A36292D00BCE546 /* Assets.xcassets in Resources */ = {isa = PBXBuildFile; fileRef = 81EC81812A36292D00BCE546 /* Assets.xcassets */; };
		81EC81852A36292D00BCE546 /* Preview Assets.xcassets in Resources */ = {isa = PBXBuildFile; fileRef = 81EC81842A36292D00BCE546 /* Preview Assets.xcassets */; };
		81EC818F2A36292E00BCE546 /* GridDemoTests.swift in Sources */ = {isa = PBXBuildFile; fileRef = 81EC818E2A36292E00BCE546 /* GridDemoTests.swift */; };
		81EC81992A36292E00BCE546 /* GridDemoUITests.swift in Sources */ = {isa = PBXBuildFile; fileRef = 81EC81982A36292E00BCE546 /* GridDemoUITests.swift */; };
		81EC819B2A36292E00BCE546 /* GridDemoUITestsLaunchTests.swift in Sources */ = {isa = PBXBuildFile; fileRef = 81EC819A2A36292E00BCE546 /* GridDemoUITestsLaunchTests.swift */; };
		81EC81A82A362C5C00BCE546 /* ListViewDemo.swift in Sources */ = {isa = PBXBuildFile; fileRef = 81EC81A72A362C5C00BCE546 /* ListViewDemo.swift */; };
/* End PBXBuildFile section */

/* Begin PBXContainerItemProxy section */
		81EC818B2A36292E00BCE546 /* PBXContainerItemProxy */ = {
			isa = PBXContainerItemProxy;
			containerPortal = 81EC81722A36292800BCE546 /* Project object */;
			proxyType = 1;
			remoteGlobalIDString = 81EC81792A36292800BCE546;
			remoteInfo = GridDemo;
		};
		81EC81952A36292E00BCE546 /* PBXContainerItemProxy */ = {
			isa = PBXContainerItemProxy;
			containerPortal = 81EC81722A36292800BCE546 /* Project object */;
			proxyType = 1;
			remoteGlobalIDString = 81EC81792A36292800BCE546;
			remoteInfo = GridDemo;
		};
/* End PBXContainerItemProxy section */

/* Begin PBXFileReference section */
		81EC817A2A36292800BCE546 /* GridDemo.app */ = {isa = PBXFileReference; explicitFileType = wrapper.application; includeInIndex = 0; path = GridDemo.app; sourceTree = BUILT_PRODUCTS_DIR; };
		81EC817D2A36292800BCE546 /* GridDemoApp.swift */ = {isa = PBXFileReference; lastKnownFileType = sourcecode.swift; path = GridDemoApp.swift; sourceTree = "<group>"; };
		81EC817F2A36292800BCE546 /* ContentView.swift */ = {isa = PBXFileReference; lastKnownFileType = sourcecode.swift; path = ContentView.swift; sourceTree = "<group>"; };
		81EC81812A36292D00BCE546 /* Assets.xcassets */ = {isa = PBXFileReference; lastKnownFileType = folder.assetcatalog; path = Assets.xcassets; sourceTree = "<group>"; };
		81EC81842A36292D00BCE546 /* Preview Assets.xcassets */ = {isa = PBXFileReference; lastKnownFileType = folder.assetcatalog; path = "Preview Assets.xcassets"; sourceTree = "<group>"; };
		81EC818A2A36292E00BCE546 /* GridDemoTests.xctest */ = {isa = PBXFileReference; explicitFileType = wrapper.cfbundle; includeInIndex = 0; path = GridDemoTests.xctest; sourceTree = BUILT_PRODUCTS_DIR; };
		81EC818E2A36292E00BCE546 /* GridDemoTests.swift */ = {isa = PBXFileReference; lastKnownFileType = sourcecode.swift; path = GridDemoTests.swift; sourceTree = "<group>"; };
		81EC81942A36292E00BCE546 /* GridDemoUITests.xctest */ = {isa = PBXFileReference; explicitFileType = wrapper.cfbundle; includeInIndex = 0; path = GridDemoUITests.xctest; sourceTree = BUILT_PRODUCTS_DIR; };
		81EC81982A36292E00BCE546 /* GridDemoUITests.swift */ = {isa = PBXFileReference; lastKnownFileType = sourcecode.swift; path = GridDemoUITests.swift; sourceTree = "<group>"; };
		81EC819A2A36292E00BCE546 /* GridDemoUITestsLaunchTests.swift */ = {isa = PBXFileReference; lastKnownFileType = sourcecode.swift; path = GridDemoUITestsLaunchTests.swift; sourceTree = "<group>"; };
		81EC81A72A362C5C00BCE546 /* ListViewDemo.swift */ = {isa = PBXFileReference; lastKnownFileType = sourcecode.swift; path = ListViewDemo.swift; sourceTree = "<group>"; };
/* End PBXFileReference section */

/* Begin PBXFrameworksBuildPhase section */
		81EC81772A36292800BCE546 /* Frameworks */ = {
			isa = PBXFrameworksBuildPhase;
			buildActionMask = 2147483647;
			files = (
			);
			runOnlyForDeploymentPostprocessing = 0;
		};
		81EC81872A36292E00BCE546 /* Frameworks */ = {
			isa = PBXFrameworksBuildPhase;
			buildActionMask = 2147483647;
			files = (
			);
			runOnlyForDeploymentPostprocessing = 0;
		};
		81EC81912A36292E00BCE546 /* Frameworks */ = {
			isa = PBXFrameworksBuildPhase;
			buildActionMask = 2147483647;
			files = (
			);
			runOnlyForDeploymentPostprocessing = 0;
		};
/* End PBXFrameworksBuildPhase section */

/* Begin PBXGroup section */
		81EC81712A36292800BCE546 = {
			isa = PBXGroup;
			children = (
				81EC817C2A36292800BCE546 /* GridDemo */,
				81EC818D2A36292E00BCE546 /* GridDemoTests */,
				81EC81972A36292E00BCE546 /* GridDemoUITests */,
				81EC817B2A36292800BCE546 /* Products */,
			);
			sourceTree = "<group>";
		};
		81EC817B2A36292800BCE546 /* Products */ = {
			isa = PBXGroup;
			children = (
				81EC817A2A36292800BCE546 /* GridDemo.app */,
				81EC818A2A36292E00BCE546 /* GridDemoTests.xctest */,
				81EC81942A36292E00BCE546 /* GridDemoUITests.xctest */,
			);
			name = Products;
			sourceTree = "<group>";
		};
		81EC817C2A36292800BCE546 /* GridDemo */ = {
			isa = PBXGroup;
			children = (
				81EC817D2A36292800BCE546 /* GridDemoApp.swift */,
				81EC817F2A36292800BCE546 /* ContentView.swift */,
				81EC81812A36292D00BCE546 /* Assets.xcassets */,
				81EC81832A36292D00BCE546 /* Preview Content */,
			);
			path = GridDemo;
			sourceTree = "<group>";
		};
		81EC81832A36292D00BCE546 /* Preview Content */ = {
			isa = PBXGroup;
			children = (
				81EC81842A36292D00BCE546 /* Preview Assets.xcassets */,
				81EC81A72A362C5C00BCE546 /* ListViewDemo.swift */,
			);
			path = "Preview Content";
			sourceTree = "<group>";
		};
		81EC818D2A36292E00BCE546 /* GridDemoTests */ = {
			isa = PBXGroup;
			children = (
				81EC818E2A36292E00BCE546 /* GridDemoTests.swift */,
			);
			path = GridDemoTests;
			sourceTree = "<group>";
		};
		81EC81972A36292E00BCE546 /* GridDemoUITests */ = {
			isa = PBXGroup;
			children = (
				81EC81982A36292E00BCE546 /* GridDemoUITests.swift */,
				81EC819A2A36292E00BCE546 /* GridDemoUITestsLaunchTests.swift */,
			);
			path = GridDemoUITests;
			sourceTree = "<group>";
		};
/* End PBXGroup section */

/* Begin PBXNativeTarget section */
		81EC81792A36292800BCE546 /* GridDemo */ = {
			isa = PBXNativeTarget;
			buildConfigurationList = 81EC819E2A36292E00BCE546 /* Build configuration list for PBXNativeTarget "GridDemo" */;
			buildPhases = (
				81EC81762A36292800BCE546 /* Sources */,
				81EC81772A36292800BCE546 /* Frameworks */,
				81EC81782A36292800BCE546 /* Resources */,
			);
			buildRules = (
			);
			dependencies = (
			);
			name = GridDemo;
			productName = GridDemo;
			productReference = 81EC817A2A36292800BCE546 /* GridDemo.app */;
			productType = "com.apple.product-type.application";
		};
		81EC81892A36292E00BCE546 /* GridDemoTests */ = {
			isa = PBXNativeTarget;
			buildConfigurationList = 81EC81A12A36292E00BCE546 /* Build configuration list for PBXNativeTarget "GridDemoTests" */;
			buildPhases = (
				81EC81862A36292E00BCE546 /* Sources */,
				81EC81872A36292E00BCE546 /* Frameworks */,
				81EC81882A36292E00BCE546 /* Resources */,
			);
			buildRules = (
			);
			dependencies = (
				81EC818C2A36292E00BCE546 /* PBXTargetDependency */,
			);
			name = GridDemoTests;
			productName = GridDemoTests;
			productReference = 81EC818A2A36292E00BCE546 /* GridDemoTests.xctest */;
			productType = "com.apple.product-type.bundle.unit-test";
		};
		81EC81932A36292E00BCE546 /* GridDemoUITests */ = {
			isa = PBXNativeTarget;
			buildConfigurationList = 81EC81A42A36292E00BCE546 /* Build configuration list for PBXNativeTarget "GridDemoUITests" */;
			buildPhases = (
				81EC81902A36292E00BCE546 /* Sources */,
				81EC81912A36292E00BCE546 /* Frameworks */,
				81EC81922A36292E00BCE546 /* Resources */,
			);
			buildRules = (
			);
			dependencies = (
				81EC81962A36292E00BCE546 /* PBXTargetDependency */,
			);
			name = GridDemoUITests;
			productName = GridDemoUITests;
			productReference = 81EC81942A36292E00BCE546 /* GridDemoUITests.xctest */;
			productType = "com.apple.product-type.bundle.ui-testing";
		};
/* End PBXNativeTarget section */

/* Begin PBXProject section */
		81EC81722A36292800BCE546 /* Project object */ = {
			isa = PBXProject;
			attributes = {
				BuildIndependentTargetsInParallel = 1;
				LastSwiftUpdateCheck = 1420;
				LastUpgradeCheck = 1420;
				TargetAttributes = {
					81EC81792A36292800BCE546 = {
						CreatedOnToolsVersion = 14.2;
					};
					81EC81892A36292E00BCE546 = {
						CreatedOnToolsVersion = 14.2;
						TestTargetID = 81EC81792A36292800BCE546;
					};
					81EC81932A36292E00BCE546 = {
						CreatedOnToolsVersion = 14.2;
						TestTargetID = 81EC81792A36292800BCE546;
					};
				};
			};
			buildConfigurationList = 81EC81752A36292800BCE546 /* Build configuration list for PBXProject "GridDemo" */;
			compatibilityVersion = "Xcode 14.0";
			developmentRegion = en;
			hasScannedForEncodings = 0;
			knownRegions = (
				en,
				Base,
			);
			mainGroup = 81EC81712A36292800BCE546;
			productRefGroup = 81EC817B2A36292800BCE546 /* Products */;
			projectDirPath = "";
			projectRoot = "";
			targets = (
				81EC81792A36292800BCE546 /* GridDemo */,
				81EC81892A36292E00BCE546 /* GridDemoTests */,
				81EC81932A36292E00BCE546 /* GridDemoUITests */,
			);
		};
/* End PBXProject section */

/* Begin PBXResourcesBuildPhase section */
		81EC81782A36292800BCE546 /* Resources */ = {
			isa = PBXResourcesBuildPhase;
			buildActionMask = 2147483647;
			files = (
				81EC81852A36292D00BCE546 /* Preview Assets.xcassets in Resources */,
				81EC81822A36292D00BCE546 /* Assets.xcassets in Resources */,
			);
			runOnlyForDeploymentPostprocessing = 0;
		};
		81EC81882A36292E00BCE546 /* Resources */ = {
			isa = PBXResourcesBuildPhase;
			buildActionMask = 2147483647;
			files = (
			);
			runOnlyForDeploymentPostprocessing = 0;
		};
		81EC81922A36292E00BCE546 /* Resources */ = {
			isa = PBXResourcesBuildPhase;
			buildActionMask = 2147483647;
			files = (
			);
			runOnlyForDeploymentPostprocessing = 0;
		};
/* End PBXResourcesBuildPhase section */

/* Begin PBXSourcesBuildPhase section */
		81EC81762A36292800BCE546 /* Sources */ = {
			isa = PBXSourcesBuildPhase;
			buildActionMask = 2147483647;
			files = (
				81EC81A82A362C5C00BCE546 /* ListViewDemo.swift in Sources */,
				81EC81802A36292800BCE546 /* ContentView.swift in Sources */,
				81EC817E2A36292800BCE546 /* GridDemoApp.swift in Sources */,
			);
			runOnlyForDeploymentPostprocessing = 0;
		};
		81EC81862A36292E00BCE546 /* Sources */ = {
			isa = PBXSourcesBuildPhase;
			buildActionMask = 2147483647;
			files = (
				81EC818F2A36292E00BCE546 /* GridDemoTests.swift in Sources */,
			);
			runOnlyForDeploymentPostprocessing = 0;
		};
		81EC81902A36292E00BCE546 /* Sources */ = {
			isa = PBXSourcesBuildPhase;
			buildActionMask = 2147483647;
			files = (
				81EC819B2A36292E00BCE546 /* GridDemoUITestsLaunchTests.swift in Sources */,
				81EC81992A36292E00BCE546 /* GridDemoUITests.swift in Sources */,
			);
			runOnlyForDeploymentPostprocessing = 0;
		};
/* End PBXSourcesBuildPhase section */

/* Begin PBXTargetDependency section */
		81EC818C2A36292E00BCE546 /* PBXTargetDependency */ = {
			isa = PBXTargetDependency;
			target = 81EC81792A36292800BCE546 /* GridDemo */;
			targetProxy = 81EC818B2A36292E00BCE546 /* PBXContainerItemProxy */;
		};
		81EC81962A36292E00BCE546 /* PBXTargetDependency */ = {
			isa = PBXTargetDependency;
			target = 81EC81792A36292800BCE546 /* GridDemo */;
			targetProxy = 81EC81952A36292E00BCE546 /* PBXContainerItemProxy */;
		};
/* End PBXTargetDependency section */

/* Begin XCBuildConfiguration section */
		81EC819C2A36292E00BCE546 /* Debug */ = {
			isa = XCBuildConfiguration;
			buildSettings = {
				ALWAYS_SEARCH_USER_PATHS = NO;
				CLANG_ANALYZER_NONNULL = YES;
				CLANG_ANALYZER_NUMBER_OBJECT_CONVERSION = YES_AGGRESSIVE;
				CLANG_CXX_LANGUAGE_STANDARD = "gnu++20";
				CLANG_ENABLE_MODULES = YES;
				CLANG_ENABLE_OBJC_ARC = YES;
				CLANG_ENABLE_OBJC_WEAK = YES;
				CLANG_WARN_BLOCK_CAPTURE_AUTORELEASING = YES;
				CLANG_WARN_BOOL_CONVERSION = YES;
				CLANG_WARN_COMMA = YES;
				CLANG_WARN_CONSTANT_CONVERSION = YES;
				CLANG_WARN_DEPRECATED_OBJC_IMPLEMENTATIONS = YES;
				CLANG_WARN_DIRECT_OBJC_ISA_USAGE = YES_ERROR;
				CLANG_WARN_DOCUMENTATION_COMMENTS = YES;
				CLANG_WARN_EMPTY_BODY = YES;
				CLANG_WARN_ENUM_CONVERSION = YES;
				CLANG_WARN_INFINITE_RECURSION = YES;
				CLANG_WARN_INT_CONVERSION = YES;
				CLANG_WARN_NON_LITERAL_NULL_CONVERSION = YES;
				CLANG_WARN_OBJC_IMPLICIT_RETAIN_SELF = YES;
				CLANG_WARN_OBJC_LITERAL_CONVERSION = YES;
				CLANG_WARN_OBJC_ROOT_CLASS = YES_ERROR;
				CLANG_WARN_QUOTED_INCLUDE_IN_FRAMEWORK_HEADER = YES;
				CLANG_WARN_RANGE_LOOP_ANALYSIS = YES;
				CLANG_WARN_STRICT_PROTOTYPES = YES;
				CLANG_WARN_SUSPICIOUS_MOVE = YES;
				CLANG_WARN_UNGUARDED_AVAILABILITY = YES_AGGRESSIVE;
				CLANG_WARN_UNREACHABLE_CODE = YES;
				CLANG_WARN__DUPLICATE_METHOD_MATCH = YES;
				COPY_PHASE_STRIP = NO;
				DEBUG_INFORMATION_FORMAT = dwarf;
				ENABLE_STRICT_OBJC_MSGSEND = YES;
				ENABLE_TESTABILITY = YES;
				GCC_C_LANGUAGE_STANDARD = gnu11;
				GCC_DYNAMIC_NO_PIC = NO;
				GCC_NO_COMMON_BLOCKS = YES;
				GCC_OPTIMIZATION_LEVEL = 0;
				GCC_PREPROCESSOR_DEFINITIONS = (
					"DEBUG=1",
					"$(inherited)",
				);
				GCC_WARN_64_TO_32_BIT_CONVERSION = YES;
				GCC_WARN_ABOUT_RETURN_TYPE = YES_ERROR;
				GCC_WARN_UNDECLARED_SELECTOR = YES;
				GCC_WARN_UNINITIALIZED_AUTOS = YES_AGGRESSIVE;
				GCC_WARN_UNUSED_FUNCTION = YES;
				GCC_WARN_UNUSED_VARIABLE = YES;
				IPHONEOS_DEPLOYMENT_TARGET = 16.2;
				MTL_ENABLE_DEBUG_INFO = INCLUDE_SOURCE;
				MTL_FAST_MATH = YES;
				ONLY_ACTIVE_ARCH = YES;
				SDKROOT = iphoneos;
				SWIFT_ACTIVE_COMPILATION_CONDITIONS = DEBUG;
				SWIFT_OPTIMIZATION_LEVEL = "-Onone";
			};
			name = Debug;
		};
		81EC819D2A36292E00BCE546 /* Release */ = {
			isa = XCBuildConfiguration;
			buildSettings = {
				ALWAYS_SEARCH_USER_PATHS = NO;
				CLANG_ANALYZER_NONNULL = YES;
				CLANG_ANALYZER_NUMBER_OBJECT_CONVERSION = YES_AGGRESSIVE;
				CLANG_CXX_LANGUAGE_STANDARD = "gnu++20";
				CLANG_ENABLE_MODULES = YES;
				CLANG_ENABLE_OBJC_ARC = YES;
				CLANG_ENABLE_OBJC_WEAK = YES;
				CLANG_WARN_BLOCK_CAPTURE_AUTORELEASING = YES;
				CLANG_WARN_BOOL_CONVERSION = YES;
				CLANG_WARN_COMMA = YES;
				CLANG_WARN_CONSTANT_CONVERSION = YES;
				CLANG_WARN_DEPRECATED_OBJC_IMPLEMENTATIONS = YES;
				CLANG_WARN_DIRECT_OBJC_ISA_USAGE = YES_ERROR;
				CLANG_WARN_DOCUMENTATION_COMMENTS = YES;
				CLANG_WARN_EMPTY_BODY = YES;
				CLANG_WARN_ENUM_CONVERSION = YES;
				CLANG_WARN_INFINITE_RECURSION = YES;
				CLANG_WARN_INT_CONVERSION = YES;
				CLANG_WARN_NON_LITERAL_NULL_CONVERSION = YES;
				CLANG_WARN_OBJC_IMPLICIT_RETAIN_SELF = YES;
				CLANG_WARN_OBJC_LITERAL_CONVERSION = YES;
				CLANG_WARN_OBJC_ROOT_CLASS = YES_ERROR;
				CLANG_WARN_QUOTED_INCLUDE_IN_FRAMEWORK_HEADER = YES;
				CLANG_WARN_RANGE_LOOP_ANALYSIS = YES;
				CLANG_WARN_STRICT_PROTOTYPES = YES;
				CLANG_WARN_SUSPICIOUS_MOVE = YES;
				CLANG_WARN_UNGUARDED_AVAILABILITY = YES_AGGRESSIVE;
				CLANG_WARN_UNREACHABLE_CODE = YES;
				CLANG_WARN__DUPLICATE_METHOD_MATCH = YES;
				COPY_PHASE_STRIP = NO;
				DEBUG_INFORMATION_FORMAT = "dwarf-with-dsym";
				ENABLE_NS_ASSERTIONS = NO;
				ENABLE_STRICT_OBJC_MSGSEND = YES;
				GCC_C_LANGUAGE_STANDARD = gnu11;
				GCC_NO_COMMON_BLOCKS = YES;
				GCC_WARN_64_TO_32_BIT_CONVERSION = YES;
				GCC_WARN_ABOUT_RETURN_TYPE = YES_ERROR;
				GCC_WARN_UNDECLARED_SELECTOR = YES;
				GCC_WARN_UNINITIALIZED_AUTOS = YES_AGGRESSIVE;
				GCC_WARN_UNUSED_FUNCTION = YES;
				GCC_WARN_UNUSED_VARIABLE = YES;
				IPHONEOS_DEPLOYMENT_TARGET = 16.2;
				MTL_ENABLE_DEBUG_INFO = NO;
				MTL_FAST_MATH = YES;
				SDKROOT = iphoneos;
				SWIFT_COMPILATION_MODE = wholemodule;
				SWIFT_OPTIMIZATION_LEVEL = "-O";
				VALIDATE_PRODUCT = YES;
			};
			name = Release;
		};
		81EC819F2A36292E00BCE546 /* Debug */ = {
			isa = XCBuildConfiguration;
			buildSettings = {
				ASSETCATALOG_COMPILER_APPICON_NAME = AppIcon;
				ASSETCATALOG_COMPILER_GLOBAL_ACCENT_COLOR_NAME = AccentColor;
				CODE_SIGN_STYLE = Automatic;
				CURRENT_PROJECT_VERSION = 1;
				DEVELOPMENT_ASSET_PATHS = "\"GridDemo/Preview Content\"";
				ENABLE_PREVIEWS = YES;
				GENERATE_INFOPLIST_FILE = YES;
				INFOPLIST_KEY_UIApplicationSceneManifest_Generation = YES;
				INFOPLIST_KEY_UIApplicationSupportsIndirectInputEvents = YES;
				INFOPLIST_KEY_UILaunchScreen_Generation = YES;
				INFOPLIST_KEY_UISupportedInterfaceOrientations_iPad = "UIInterfaceOrientationPortrait UIInterfaceOrientationPortraitUpsideDown UIInterfaceOrientationLandscapeLeft UIInterfaceOrientationLandscapeRight";
				INFOPLIST_KEY_UISupportedInterfaceOrientations_iPhone = "UIInterfaceOrientationPortrait UIInterfaceOrientationLandscapeLeft UIInterfaceOrientationLandscapeRight";
				LD_RUNPATH_SEARCH_PATHS = (
					"$(inherited)",
					"@executable_path/Frameworks",
				);
				MARKETING_VERSION = 1.0;
				PRODUCT_BUNDLE_IDENTIFIER = None.GridDemo;
				PRODUCT_NAME = "$(TARGET_NAME)";
				SWIFT_EMIT_LOC_STRINGS = YES;
				SWIFT_VERSION = 5.0;
				TARGETED_DEVICE_FAMILY = "1,2";
			};
			name = Debug;
		};
		81EC81A02A36292E00BCE546 /* Release */ = {
			isa = XCBuildConfiguration;
			buildSettings = {
				ASSETCATALOG_COMPILER_APPICON_NAME = AppIcon;
				ASSETCATALOG_COMPILER_GLOBAL_ACCENT_COLOR_NAME = AccentColor;
				CODE_SIGN_STYLE = Automatic;
				CURRENT_PROJECT_VERSION = 1;
				DEVELOPMENT_ASSET_PATHS = "\"GridDemo/Preview Content\"";
				ENABLE_PREVIEWS = YES;
				GENERATE_INFOPLIST_FILE = YES;
				INFOPLIST_KEY_UIApplicationSceneManifest_Generation = YES;
				INFOPLIST_KEY_UIApplicationSupportsIndirectInputEvents = YES;
				INFOPLIST_KEY_UILaunchScreen_Generation = YES;
				INFOPLIST_KEY_UISupportedInterfaceOrientations_iPad = "UIInterfaceOrientationPortrait UIInterfaceOrientationPortraitUpsideDown UIInterfaceOrientationLandscapeLeft UIInterfaceOrientationLandscapeRight";
				INFOPLIST_KEY_UISupportedInterfaceOrientations_iPhone = "UIInterfaceOrientationPortrait UIInterfaceOrientationLandscapeLeft UIInterfaceOrientationLandscapeRight";
				LD_RUNPATH_SEARCH_PATHS = (
					"$(inherited)",
					"@executable_path/Frameworks",
				);
				MARKETING_VERSION = 1.0;
				PRODUCT_BUNDLE_IDENTIFIER = None.GridDemo;
				PRODUCT_NAME = "$(TARGET_NAME)";
				SWIFT_EMIT_LOC_STRINGS = YES;
				SWIFT_VERSION = 5.0;
				TARGETED_DEVICE_FAMILY = "1,2";
			};
			name = Release;
		};
		81EC81A22A36292E00BCE546 /* Debug */ = {
			isa = XCBuildConfiguration;
			buildSettings = {
				ALWAYS_EMBED_SWIFT_STANDARD_LIBRARIES = YES;
				BUNDLE_LOADER = "$(TEST_HOST)";
				CODE_SIGN_STYLE = Automatic;
				CURRENT_PROJECT_VERSION = 1;
				GENERATE_INFOPLIST_FILE = YES;
				IPHONEOS_DEPLOYMENT_TARGET = 16.2;
				MARKETING_VERSION = 1.0;
				PRODUCT_BUNDLE_IDENTIFIER = None.GridDemoTests;
				PRODUCT_NAME = "$(TARGET_NAME)";
				SWIFT_EMIT_LOC_STRINGS = NO;
				SWIFT_VERSION = 5.0;
				TARGETED_DEVICE_FAMILY = "1,2";
				TEST_HOST = "$(BUILT_PRODUCTS_DIR)/GridDemo.app/$(BUNDLE_EXECUTABLE_FOLDER_PATH)/GridDemo";
			};
			name = Debug;
		};
		81EC81A32A36292E00BCE546 /* Release */ = {
			isa = XCBuildConfiguration;
			buildSettings = {
				ALWAYS_EMBED_SWIFT_STANDARD_LIBRARIES = YES;
				BUNDLE_LOADER = "$(TEST_HOST)";
				CODE_SIGN_STYLE = Automatic;
				CURRENT_PROJECT_VERSION = 1;
				GENERATE_INFOPLIST_FILE = YES;
				IPHONEOS_DEPLOYMENT_TARGET = 16.2;
				MARKETING_VERSION = 1.0;
				PRODUCT_BUNDLE_IDENTIFIER = None.GridDemoTests;
				PRODUCT_NAME = "$(TARGET_NAME)";
				SWIFT_EMIT_LOC_STRINGS = NO;
				SWIFT_VERSION = 5.0;
				TARGETED_DEVICE_FAMILY = "1,2";
				TEST_HOST = "$(BUILT_PRODUCTS_DIR)/GridDemo.app/$(BUNDLE_EXECUTABLE_FOLDER_PATH)/GridDemo";
			};
			name = Release;
		};
		81EC81A52A36292E00BCE546 /* Debug */ = {
			isa = XCBuildConfiguration;
			buildSettings = {
				ALWAYS_EMBED_SWIFT_STANDARD_LIBRARIES = YES;
				CODE_SIGN_STYLE = Automatic;
				CURRENT_PROJECT_VERSION = 1;
				GENERATE_INFOPLIST_FILE = YES;
				MARKETING_VERSION = 1.0;
				PRODUCT_BUNDLE_IDENTIFIER = None.GridDemoUITests;
				PRODUCT_NAME = "$(TARGET_NAME)";
				SWIFT_EMIT_LOC_STRINGS = NO;
				SWIFT_VERSION = 5.0;
				TARGETED_DEVICE_FAMILY = "1,2";
				TEST_TARGET_NAME = GridDemo;
			};
			name = Debug;
		};
		81EC81A62A36292E00BCE546 /* Release */ = {
			isa = XCBuildConfiguration;
			buildSettings = {
				ALWAYS_EMBED_SWIFT_STANDARD_LIBRARIES = YES;
				CODE_SIGN_STYLE = Automatic;
				CURRENT_PROJECT_VERSION = 1;
				GENERATE_INFOPLIST_FILE = YES;
				MARKETING_VERSION = 1.0;
				PRODUCT_BUNDLE_IDENTIFIER = None.GridDemoUITests;
				PRODUCT_NAME = "$(TARGET_NAME)";
				SWIFT_EMIT_LOC_STRINGS = NO;
				SWIFT_VERSION = 5.0;
				TARGETED_DEVICE_FAMILY = "1,2";
				TEST_TARGET_NAME = GridDemo;
			};
			name = Release;
		};
/* End XCBuildConfiguration section */

/* Begin XCConfigurationList section */
		81EC81752A36292800BCE546 /* Build configuration list for PBXProject "GridDemo" */ = {
			isa = XCConfigurationList;
			buildConfigurations = (
				81EC819C2A36292E00BCE546 /* Debug */,
				81EC819D2A36292E00BCE546 /* Release */,
			);
			defaultConfigurationIsVisible = 0;
			defaultConfigurationName = Release;
		};
		81EC819E2A36292E00BCE546 /* Build configuration list for PBXNativeTarget "GridDemo" */ = {
			isa = XCConfigurationList;
			buildConfigurations = (
				81EC819F2A36292E00BCE546 /* Debug */,
				81EC81A02A36292E00BCE546 /* Release */,
			);
			defaultConfigurationIsVisible = 0;
			defaultConfigurationName = Release;
		};
		81EC81A12A36292E00BCE546 /* Build configuration list for PBXNativeTarget "GridDemoTests" */ = {
			isa = XCConfigurationList;
			buildConfigurations = (
				81EC81A22A36292E00BCE546 /* Debug */,
				81EC81A32A36292E00BCE546 /* Release */,
			);
			defaultConfigurationIsVisible = 0;
			defaultConfigurationName = Release;
		};
		81EC81A42A36292E00BCE546 /* Build configuration list for PBXNativeTarget "GridDemoUITests" */ = {
			isa = XCConfigurationList;
			buildConfigurations = (
				81EC81A52A36292E00BCE546 /* Debug */,
				81EC81A62A36292E00BCE546 /* Release */,
			);
			defaultConfigurationIsVisible = 0;
			defaultConfigurationName = Release;
		};
/* End XCConfigurationList section */
	};
	rootObject = 81EC81722A36292800BCE546 /* Project object */;
}
